{
  "pins" : [
    {
      "identity" : "swiftformat",
      "kind" : "remoteSourceControl",
      "location" : "https://github.com/nicklockwood/SwiftFormat",
      "state" : {
        "revision" : "7ff506897aa5bdaf94f077087a2025b9505da112",
        "version" : "0.51.9"
      }
    }
  ],
  "version" : 2
}
