// !$*UTF8*$!
{
	archiveVersion = 1;
	classes = {
	};
	objectVersion = 56;
	objects = {

/* Begin PBXBuildFile section */
		B741084F2A5C8EC00088FEBA /* GoogleService-Info.plist in Resources */ = {isa = PBXBuildFile; fileRef = B7938C342A4A2C1200B15B06 /* GoogleService-Info.plist */; };
		B74108502A5C8EC30088FEBA /* GoogleService-Info.plist in Resources */ = {isa = PBXBuildFile; fileRef = B7938C322A4A2C0B00B15B06 /* GoogleService-Info.plist */; };
		B783E0FA2A11FFD0002E782F /* Assets.xcassets in Resources */ = {isa = PBXBuildFile; fileRef = B783E0F92A11FFD0002E782F /* Assets.xcassets */; };
		B783E0FD2A11FFD0002E782F /* Preview Assets.xcassets in Resources */ = {isa = PBXBuildFile; fileRef = B783E0FC2A11FFD0002E782F /* Preview Assets.xcassets */; };
		B783E1022A120003002E782F /* App.swift in Sources */ = {isa = PBXBuildFile; fileRef = B783E1012A120003002E782F /* App.swift */; };
		B783E13F2A1200A1002E782F /* WidgetKit.framework in Frameworks */ = {isa = PBXBuildFile; fileRef = B783E13E2A1200A1002E782F /* WidgetKit.framework */; };
		B783E1412A1200A1002E782F /* SwiftUI.framework in Frameworks */ = {isa = PBXBuildFile; fileRef = B783E1402A1200A1002E782F /* SwiftUI.framework */; };
		B783E1442A1200A1002E782F /* WidgetExtensionBundle.swift in Sources */ = {isa = PBXBuildFile; fileRef = B783E1432A1200A1002E782F /* WidgetExtensionBundle.swift */; };
		B783E1482A1200A2002E782F /* Assets.xcassets in Resources */ = {isa = PBXBuildFile; fileRef = B783E1472A1200A2002E782F /* Assets.xcassets */; };
		B783E14D2A1200A2002E782F /* WidgetExtension.appex in Embed Foundation Extensions */ = {isa = PBXBuildFile; fileRef = B783E13C2A1200A1002E782F /* WidgetExtension.appex */; settings = {ATTRIBUTES = (RemoveHeadersOnCopy, ); }; };
		B7DAE4872A40BAF30078772F /* AppFeature in Frameworks */ = {isa = PBXBuildFile; productRef = B7DAE4862A40BAF30078772F /* AppFeature */; };
		B7DAE4892A40BB060078772F /* QuickNodeClient in Frameworks */ = {isa = PBXBuildFile; productRef = B7DAE4882A40BB060078772F /* QuickNodeClient */; };
		B7DAE48B2A40BB0A0078772F /* UserDefaultsClient in Frameworks */ = {isa = PBXBuildFile; productRef = B7DAE48A2A40BB0A0078772F /* UserDefaultsClient */; };
		B7DAE48D2A40BB110078772F /* WidgetClient in Frameworks */ = {isa = PBXBuildFile; productRef = B7DAE48C2A40BB110078772F /* WidgetClient */; };
		B7DAE48F2A40BB290078772F /* WidgetModule in Frameworks */ = {isa = PBXBuildFile; productRef = B7DAE48E2A40BB290078772F /* WidgetModule */; };
		B7DAE4912A40BB3E0078772F /* QuickNodeClient in Frameworks */ = {isa = PBXBuildFile; productRef = B7DAE4902A40BB3E0078772F /* QuickNodeClient */; };
		B7DAE4932A40BB440078772F /* UserDefaultsClient in Frameworks */ = {isa = PBXBuildFile; productRef = B7DAE4922A40BB440078772F /* UserDefaultsClient */; };
		B7DAE4952A40BB480078772F /* SnapshotClient in Frameworks */ = {isa = PBXBuildFile; productRef = B7DAE4942A40BB480078772F /* SnapshotClient */; };
/* End PBXBuildFile section */

/* Begin PBXContainerItemProxy section */
		B783E14A2A1200A2002E782F /* PBXContainerItemProxy */ = {
			isa = PBXContainerItemProxy;
			containerPortal = B783E0AA2A11FF7D002E782F /* Project object */;
			proxyType = 1;
			remoteGlobalIDString = B783E13B2A1200A1002E782F;
			remoteInfo = WidgetExtensionExtension;
		};
/* End PBXContainerItemProxy section */

/* Begin PBXCopyFilesBuildPhase section */
		B783E14C2A1200A2002E782F /* Embed Foundation Extensions */ = {
			isa = PBXCopyFilesBuildPhase;
			buildActionMask = 2147483647;
			dstPath = "";
			dstSubfolderSpec = 13;
			files = (
				B783E14D2A1200A2002E782F /* WidgetExtension.appex in Embed Foundation Extensions */,
			);
			name = "Embed Foundation Extensions";
			runOnlyForDeploymentPostprocessing = 0;
		};
/* End PBXCopyFilesBuildPhase section */

/* Begin PBXFileReference section */
		B748AC5A2A439285009D3722 /* App.xctestplan */ = {isa = PBXFileReference; lastKnownFileType = text; name = App.xctestplan; path = ../App.xctestplan; sourceTree = "<group>"; };
		B783E0F32A11FFD0002E782F /* App.app */ = {isa = PBXFileReference; explicitFileType = wrapper.application; includeInIndex = 0; path = App.app; sourceTree = BUILT_PRODUCTS_DIR; };
		B783E0F92A11FFD0002E782F /* Assets.xcassets */ = {isa = PBXFileReference; lastKnownFileType = folder.assetcatalog; path = Assets.xcassets; sourceTree = "<group>"; };
		B783E0FC2A11FFD0002E782F /* Preview Assets.xcassets */ = {isa = PBXFileReference; lastKnownFileType = folder.assetcatalog; path = "Preview Assets.xcassets"; sourceTree = "<group>"; };
		B783E1012A120003002E782F /* App.swift */ = {isa = PBXFileReference; fileEncoding = 4; lastKnownFileType = sourcecode.swift; path = App.swift; sourceTree = "<group>"; };
		B783E13C2A1200A1002E782F /* WidgetExtension.appex */ = {isa = PBXFileReference; explicitFileType = "wrapper.app-extension"; includeInIndex = 0; path = WidgetExtension.appex; sourceTree = BUILT_PRODUCTS_DIR; };
		B783E13E2A1200A1002E782F /* WidgetKit.framework */ = {isa = PBXFileReference; lastKnownFileType = wrapper.framework; name = WidgetKit.framework; path = System/Library/Frameworks/WidgetKit.framework; sourceTree = SDKROOT; };
		B783E1402A1200A1002E782F /* SwiftUI.framework */ = {isa = PBXFileReference; lastKnownFileType = wrapper.framework; name = SwiftUI.framework; path = System/Library/Frameworks/SwiftUI.framework; sourceTree = SDKROOT; };
		B783E1432A1200A1002E782F /* WidgetExtensionBundle.swift */ = {isa = PBXFileReference; lastKnownFileType = sourcecode.swift; path = WidgetExtensionBundle.swift; sourceTree = "<group>"; };
		B783E1472A1200A2002E782F /* Assets.xcassets */ = {isa = PBXFileReference; lastKnownFileType = folder.assetcatalog; path = Assets.xcassets; sourceTree = "<group>"; };
		B783E1492A1200A2002E782F /* Info.plist */ = {isa = PBXFileReference; lastKnownFileType = text.plist.xml; path = Info.plist; sourceTree = "<group>"; };
		B783E16E2A121FC6002E782F /* Info.plist */ = {isa = PBXFileReference; lastKnownFileType = text.plist.xml; path = Info.plist; sourceTree = "<group>"; };
		B783E1752A137F3E002E782F /* App.entitlements */ = {isa = PBXFileReference; lastKnownFileType = text.plist.entitlements; name = App.entitlements; path = Staging/App.entitlements; sourceTree = "<group>"; };
		B783E1772A137F9D002E782F /* WidgetExtension.entitlements */ = {isa = PBXFileReference; lastKnownFileType = text.plist.entitlements; name = WidgetExtension.entitlements; path = Staging/WidgetExtension.entitlements; sourceTree = "<group>"; };
		B7938C322A4A2C0B00B15B06 /* GoogleService-Info.plist */ = {isa = PBXFileReference; fileEncoding = 4; lastKnownFileType = text.plist.xml; name = "GoogleService-Info.plist"; path = "Staging/GoogleService-Info.plist"; sourceTree = "<group>"; };
		B7938C342A4A2C1200B15B06 /* GoogleService-Info.plist */ = {isa = PBXFileReference; fileEncoding = 4; lastKnownFileType = text.plist.xml; name = "GoogleService-Info.plist"; path = "Staging/GoogleService-Info.plist"; sourceTree = "<group>"; };
/* End PBXFileReference section */

/* Begin PBXFrameworksBuildPhase section */
		B783E0F02A11FFD0002E782F /* Frameworks */ = {
			isa = PBXFrameworksBuildPhase;
			buildActionMask = 2147483647;
			files = (
				B7DAE48B2A40BB0A0078772F /* UserDefaultsClient in Frameworks */,
				B7DAE4892A40BB060078772F /* QuickNodeClient in Frameworks */,
				B7DAE4872A40BAF30078772F /* AppFeature in Frameworks */,
				B7DAE48D2A40BB110078772F /* WidgetClient in Frameworks */,
			);
			runOnlyForDeploymentPostprocessing = 0;
		};
		B783E1392A1200A1002E782F /* Frameworks */ = {
			isa = PBXFrameworksBuildPhase;
			buildActionMask = 2147483647;
			files = (
				B783E1412A1200A1002E782F /* SwiftUI.framework in Frameworks */,
				B7DAE4932A40BB440078772F /* UserDefaultsClient in Frameworks */,
				B7DAE4912A40BB3E0078772F /* QuickNodeClient in Frameworks */,
				B7DAE48F2A40BB290078772F /* WidgetModule in Frameworks */,
				B783E13F2A1200A1002E782F /* WidgetKit.framework in Frameworks */,
				B7DAE4952A40BB480078772F /* SnapshotClient in Frameworks */,
			);
			runOnlyForDeploymentPostprocessing = 0;
		};
/* End PBXFrameworksBuildPhase section */

/* Begin PBXGroup section */
		B783E0A92A11FF7D002E782F = {
			isa = PBXGroup;
			children = (
				B748AC5A2A439285009D3722 /* App.xctestplan */,
				B783E0F42A11FFD0002E782F /* Multiplatform */,
				B783E1422A1200A1002E782F /* WidgetExtension */,
				B783E13D2A1200A1002E782F /* Frameworks */,
				B783E0B32A11FF7D002E782F /* Products */,
			);
			sourceTree = "<group>";
		};
		B783E0B32A11FF7D002E782F /* Products */ = {
			isa = PBXGroup;
			children = (
				B783E0F32A11FFD0002E782F /* App.app */,
				B783E13C2A1200A1002E782F /* WidgetExtension.appex */,
			);
			name = Products;
			sourceTree = "<group>";
		};
		B783E0F42A11FFD0002E782F /* Multiplatform */ = {
			isa = PBXGroup;
			children = (
				B783E1012A120003002E782F /* App.swift */,
				B783E1752A137F3E002E782F /* App.entitlements */,
				B783E0F92A11FFD0002E782F /* Assets.xcassets */,
				B783E16E2A121FC6002E782F /* Info.plist */,
				B7938C322A4A2C0B00B15B06 /* GoogleService-Info.plist */,
				B783E0FB2A11FFD0002E782F /* Preview Content */,
			);
			path = Multiplatform;
			sourceTree = "<group>";
		};
		B783E0FB2A11FFD0002E782F /* Preview Content */ = {
			isa = PBXGroup;
			children = (
				B783E0FC2A11FFD0002E782F /* Preview Assets.xcassets */,
			);
			path = "Preview Content";
			sourceTree = "<group>";
		};
		B783E13D2A1200A1002E782F /* Frameworks */ = {
			isa = PBXGroup;
			children = (
				B783E13E2A1200A1002E782F /* WidgetKit.framework */,
				B783E1402A1200A1002E782F /* SwiftUI.framework */,
			);
			name = Frameworks;
			sourceTree = "<group>";
		};
		B783E1422A1200A1002E782F /* WidgetExtension */ = {
			isa = PBXGroup;
			children = (
				B783E1432A1200A1002E782F /* WidgetExtensionBundle.swift */,
				B783E1772A137F9D002E782F /* WidgetExtension.entitlements */,
				B783E1472A1200A2002E782F /* Assets.xcassets */,
				B783E1492A1200A2002E782F /* Info.plist */,
				B7938C342A4A2C1200B15B06 /* GoogleService-Info.plist */,
			);
			path = WidgetExtension;
			sourceTree = "<group>";
		};
/* End PBXGroup section */

/* Begin PBXNativeTarget section */
		B783E0F22A11FFD0002E782F /* App */ = {
			isa = PBXNativeTarget;
			buildConfigurationList = B783E1002A11FFD0002E782F /* Build configuration list for PBXNativeTarget "App" */;
			buildPhases = (
				B783E0EF2A11FFD0002E782F /* Sources */,
				B783E0F02A11FFD0002E782F /* Frameworks */,
				B783E0F12A11FFD0002E782F /* Resources */,
				B783E14C2A1200A2002E782F /* Embed Foundation Extensions */,
			);
			buildRules = (
			);
			dependencies = (
				B783E14B2A1200A2002E782F /* PBXTargetDependency */,
			);
			name = App;
			packageProductDependencies = (
				B7DAE4862A40BAF30078772F /* AppFeature */,
				B7DAE4882A40BB060078772F /* QuickNodeClient */,
				B7DAE48A2A40BB0A0078772F /* UserDefaultsClient */,
				B7DAE48C2A40BB110078772F /* WidgetClient */,
			);
			productName = iOS;
			productReference = B783E0F32A11FFD0002E782F /* App.app */;
			productType = "com.apple.product-type.application";
		};
		B783E13B2A1200A1002E782F /* WidgetExtension */ = {
			isa = PBXNativeTarget;
			buildConfigurationList = B783E14E2A1200A2002E782F /* Build configuration list for PBXNativeTarget "WidgetExtension" */;
			buildPhases = (
				B783E1382A1200A1002E782F /* Sources */,
				B783E1392A1200A1002E782F /* Frameworks */,
				B783E13A2A1200A1002E782F /* Resources */,
			);
			buildRules = (
			);
			dependencies = (
			);
			name = WidgetExtension;
			packageProductDependencies = (
				B7DAE48E2A40BB290078772F /* WidgetModule */,
				B7DAE4902A40BB3E0078772F /* QuickNodeClient */,
				B7DAE4922A40BB440078772F /* UserDefaultsClient */,
				B7DAE4942A40BB480078772F /* SnapshotClient */,
			);
			productName = WidgetExtensionExtension;
			productReference = B783E13C2A1200A1002E782F /* WidgetExtension.appex */;
			productType = "com.apple.product-type.app-extension";
		};
/* End PBXNativeTarget section */

/* Begin PBXProject section */
		B783E0AA2A11FF7D002E782F /* Project object */ = {
			isa = PBXProject;
			attributes = {
				BuildIndependentTargetsInParallel = 1;
				LastSwiftUpdateCheck = 1430;
				LastUpgradeCheck = 1430;
				TargetAttributes = {
					B783E0F22A11FFD0002E782F = {
						CreatedOnToolsVersion = 14.3;
						LastSwiftMigration = 1430;
					};
					B783E13B2A1200A1002E782F = {
						CreatedOnToolsVersion = 14.3;
					};
				};
			};
			buildConfigurationList = B783E0AD2A11FF7D002E782F /* Build configuration list for PBXProject "Staging" */;
			compatibilityVersion = "Xcode 14.0";
			developmentRegion = en;
			hasScannedForEncodings = 0;
			knownRegions = (
				en,
				Base,
			);
			mainGroup = B783E0A92A11FF7D002E782F;
			productRefGroup = B783E0B32A11FF7D002E782F /* Products */;
			projectDirPath = "";
			projectRoot = "";
			targets = (
				B783E0F22A11FFD0002E782F /* App */,
				B783E13B2A1200A1002E782F /* WidgetExtension */,
			);
		};
/* End PBXProject section */

/* Begin PBXResourcesBuildPhase section */
		B783E0F12A11FFD0002E782F /* Resources */ = {
			isa = PBXResourcesBuildPhase;
			buildActionMask = 2147483647;
			files = (
				B783E0FD2A11FFD0002E782F /* Preview Assets.xcassets in Resources */,
				B783E0FA2A11FFD0002E782F /* Assets.xcassets in Resources */,
				B74108502A5C8EC30088FEBA /* GoogleService-Info.plist in Resources */,
			);
			runOnlyForDeploymentPostprocessing = 0;
		};
		B783E13A2A1200A1002E782F /* Resources */ = {
			isa = PBXResourcesBuildPhase;
			buildActionMask = 2147483647;
			files = (
				B783E1482A1200A2002E782F /* Assets.xcassets in Resources */,
				B741084F2A5C8EC00088FEBA /* GoogleService-Info.plist in Resources */,
			);
			runOnlyForDeploymentPostprocessing = 0;
		};
/* End PBXResourcesBuildPhase section */

/* Begin PBXSourcesBuildPhase section */
		B783E0EF2A11FFD0002E782F /* Sources */ = {
			isa = PBXSourcesBuildPhase;
			buildActionMask = 2147483647;
			files = (
				B783E1022A120003002E782F /* App.swift in Sources */,
			);
			runOnlyForDeploymentPostprocessing = 0;
		};
		B783E1382A1200A1002E782F /* Sources */ = {
			isa = PBXSourcesBuildPhase;
			buildActionMask = 2147483647;
			files = (
				B783E1442A1200A1002E782F /* WidgetExtensionBundle.swift in Sources */,
			);
			runOnlyForDeploymentPostprocessing = 0;
		};
/* End PBXSourcesBuildPhase section */

/* Begin PBXTargetDependency section */
		B783E14B2A1200A2002E782F /* PBXTargetDependency */ = {
			isa = PBXTargetDependency;
			target = B783E13B2A1200A1002E782F /* WidgetExtension */;
			targetProxy = B783E14A2A1200A2002E782F /* PBXContainerItemProxy */;
		};
/* End PBXTargetDependency section */

/* Begin XCBuildConfiguration section */
		B783E0BE2A11FF7D002E782F /* Debug */ = {
			isa = XCBuildConfiguration;
			buildSettings = {
				ALWAYS_SEARCH_USER_PATHS = NO;
				CLANG_ANALYZER_NONNULL = YES;
				CLANG_ANALYZER_NUMBER_OBJECT_CONVERSION = YES_AGGRESSIVE;
				CLANG_CXX_LANGUAGE_STANDARD = "gnu++20";
				CLANG_ENABLE_MODULES = YES;
				CLANG_ENABLE_OBJC_ARC = YES;
				CLANG_ENABLE_OBJC_WEAK = YES;
				CLANG_WARN_BLOCK_CAPTURE_AUTORELEASING = YES;
				CLANG_WARN_BOOL_CONVERSION = YES;
				CLANG_WARN_COMMA = YES;
				CLANG_WARN_CONSTANT_CONVERSION = YES;
				CLANG_WARN_DEPRECATED_OBJC_IMPLEMENTATIONS = YES;
				CLANG_WARN_DIRECT_OBJC_ISA_USAGE = YES_ERROR;
				CLANG_WARN_DOCUMENTATION_COMMENTS = YES;
				CLANG_WARN_EMPTY_BODY = YES;
				CLANG_WARN_ENUM_CONVERSION = YES;
				CLANG_WARN_INFINITE_RECURSION = YES;
				CLANG_WARN_INT_CONVERSION = YES;
				CLANG_WARN_NON_LITERAL_NULL_CONVERSION = YES;
				CLANG_WARN_OBJC_IMPLICIT_RETAIN_SELF = YES;
				CLANG_WARN_OBJC_LITERAL_CONVERSION = YES;
				CLANG_WARN_OBJC_ROOT_CLASS = YES_ERROR;
				CLANG_WARN_QUOTED_INCLUDE_IN_FRAMEWORK_HEADER = YES;
				CLANG_WARN_RANGE_LOOP_ANALYSIS = YES;
				CLANG_WARN_STRICT_PROTOTYPES = YES;
				CLANG_WARN_SUSPICIOUS_MOVE = YES;
				CLANG_WARN_UNGUARDED_AVAILABILITY = YES_AGGRESSIVE;
				CLANG_WARN_UNREACHABLE_CODE = YES;
				CLANG_WARN__DUPLICATE_METHOD_MATCH = YES;
				COPY_PHASE_STRIP = NO;
				DEBUG_INFORMATION_FORMAT = dwarf;
				ENABLE_STRICT_OBJC_MSGSEND = YES;
				ENABLE_TESTABILITY = YES;
				GCC_C_LANGUAGE_STANDARD = gnu11;
				GCC_DYNAMIC_NO_PIC = NO;
				GCC_NO_COMMON_BLOCKS = YES;
				GCC_OPTIMIZATION_LEVEL = 0;
				GCC_PREPROCESSOR_DEFINITIONS = (
					"DEBUG=1",
					"$(inherited)",
				);
				GCC_WARN_64_TO_32_BIT_CONVERSION = YES;
				GCC_WARN_ABOUT_RETURN_TYPE = YES_ERROR;
				GCC_WARN_UNDECLARED_SELECTOR = YES;
				GCC_WARN_UNINITIALIZED_AUTOS = YES_AGGRESSIVE;
				GCC_WARN_UNUSED_FUNCTION = YES;
				GCC_WARN_UNUSED_VARIABLE = YES;
				IPHONEOS_DEPLOYMENT_TARGET = 16.4;
				MTL_ENABLE_DEBUG_INFO = INCLUDE_SOURCE;
				MTL_FAST_MATH = YES;
				ONLY_ACTIVE_ARCH = YES;
				SDKROOT = iphoneos;
				SWIFT_ACTIVE_COMPILATION_CONDITIONS = DEBUG;
				SWIFT_OPTIMIZATION_LEVEL = "-Onone";
			};
			name = Debug;
		};
		B783E0BF2A11FF7D002E782F /* Release */ = {
			isa = XCBuildConfiguration;
			buildSettings = {
				ALWAYS_SEARCH_USER_PATHS = NO;
				CLANG_ANALYZER_NONNULL = YES;
				CLANG_ANALYZER_NUMBER_OBJECT_CONVERSION = YES_AGGRESSIVE;
				CLANG_CXX_LANGUAGE_STANDARD = "gnu++20";
				CLANG_ENABLE_MODULES = YES;
				CLANG_ENABLE_OBJC_ARC = YES;
				CLANG_ENABLE_OBJC_WEAK = YES;
				CLANG_WARN_BLOCK_CAPTURE_AUTORELEASING = YES;
				CLANG_WARN_BOOL_CONVERSION = YES;
				CLANG_WARN_COMMA = YES;
				CLANG_WARN_CONSTANT_CONVERSION = YES;
				CLANG_WARN_DEPRECATED_OBJC_IMPLEMENTATIONS = YES;
				CLANG_WARN_DIRECT_OBJC_ISA_USAGE = YES_ERROR;
				CLANG_WARN_DOCUMENTATION_COMMENTS = YES;
				CLANG_WARN_EMPTY_BODY = YES;
				CLANG_WARN_ENUM_CONVERSION = YES;
				CLANG_WARN_INFINITE_RECURSION = YES;
				CLANG_WARN_INT_CONVERSION = YES;
				CLANG_WARN_NON_LITERAL_NULL_CONVERSION = YES;
				CLANG_WARN_OBJC_IMPLICIT_RETAIN_SELF = YES;
				CLANG_WARN_OBJC_LITERAL_CONVERSION = YES;
				CLANG_WARN_OBJC_ROOT_CLASS = YES_ERROR;
				CLANG_WARN_QUOTED_INCLUDE_IN_FRAMEWORK_HEADER = YES;
				CLANG_WARN_RANGE_LOOP_ANALYSIS = YES;
				CLANG_WARN_STRICT_PROTOTYPES = YES;
				CLANG_WARN_SUSPICIOUS_MOVE = YES;
				CLANG_WARN_UNGUARDED_AVAILABILITY = YES_AGGRESSIVE;
				CLANG_WARN_UNREACHABLE_CODE = YES;
				CLANG_WARN__DUPLICATE_METHOD_MATCH = YES;
				COPY_PHASE_STRIP = NO;
				DEBUG_INFORMATION_FORMAT = "dwarf-with-dsym";
				ENABLE_NS_ASSERTIONS = NO;
				ENABLE_STRICT_OBJC_MSGSEND = YES;
				GCC_C_LANGUAGE_STANDARD = gnu11;
				GCC_NO_COMMON_BLOCKS = YES;
				GCC_WARN_64_TO_32_BIT_CONVERSION = YES;
				GCC_WARN_ABOUT_RETURN_TYPE = YES_ERROR;
				GCC_WARN_UNDECLARED_SELECTOR = YES;
				GCC_WARN_UNINITIALIZED_AUTOS = YES_AGGRESSIVE;
				GCC_WARN_UNUSED_FUNCTION = YES;
				GCC_WARN_UNUSED_VARIABLE = YES;
				IPHONEOS_DEPLOYMENT_TARGET = 16.4;
				MTL_ENABLE_DEBUG_INFO = NO;
				MTL_FAST_MATH = YES;
				SDKROOT = iphoneos;
				SWIFT_COMPILATION_MODE = wholemodule;
				SWIFT_OPTIMIZATION_LEVEL = "-O";
				VALIDATE_PRODUCT = YES;
			};
			name = Release;
		};
		B783E0FE2A11FFD0002E782F /* Debug */ = {
			isa = XCBuildConfiguration;
			buildSettings = {
				ALWAYS_EMBED_SWIFT_STANDARD_LIBRARIES = YES;
				APP_GROUP = "group.com.caaaption-staging";
				APP_NAME = staging;
				ASSETCATALOG_COMPILER_APPICON_NAME = AppIcon;
				ASSETCATALOG_COMPILER_GLOBAL_ACCENT_COLOR_NAME = AccentColor;
				CLANG_ENABLE_MODULES = YES;
				CODE_SIGN_ENTITLEMENTS = Multiplatform/Staging/App.entitlements;
				CODE_SIGN_STYLE = Automatic;
				CURRENT_PROJECT_VERSION = 1;
				DEVELOPMENT_ASSET_PATHS = "\"Multiplatform/Preview Content\"";
				DEVELOPMENT_TEAM = AV9FQ3YF56;
				ENABLE_PREVIEWS = YES;
				GENERATE_INFOPLIST_FILE = NO;
				INFOPLIST_FILE = Multiplatform/Info.plist;
				INFOPLIST_KEY_CFBundleDisplayName = staging;
				INFOPLIST_KEY_UIApplicationSceneManifest_Generation = YES;
				INFOPLIST_KEY_UIApplicationSupportsIndirectInputEvents = YES;
				INFOPLIST_KEY_UILaunchScreen_Generation = YES;
				INFOPLIST_KEY_UISupportedInterfaceOrientations = "UIInterfaceOrientationPortrait UIInterfaceOrientationPortraitUpsideDown";
				INFOPLIST_KEY_UISupportedInterfaceOrientations_iPad = "UIInterfaceOrientationLandscapeLeft UIInterfaceOrientationLandscapeRight UIInterfaceOrientationPortrait UIInterfaceOrientationPortraitUpsideDown";
				IPHONEOS_DEPLOYMENT_TARGET = 16.0;
				LD_RUNPATH_SEARCH_PATHS = (
					"$(inherited)",
					"@executable_path/Frameworks",
				);
				MARKETING_VERSION = 1.0;
				PRODUCT_BUNDLE_IDENTIFIER = "com.caaaption-staging";
				PRODUCT_NAME = "$(TARGET_NAME)";
				SWIFT_EMIT_LOC_STRINGS = YES;
				SWIFT_OPTIMIZATION_LEVEL = "-Onone";
				SWIFT_VERSION = 5.0;
				TARGETED_DEVICE_FAMILY = "1,2";
			};
			name = Debug;
		};
		B783E0FF2A11FFD0002E782F /* Release */ = {
			isa = XCBuildConfiguration;
			buildSettings = {
				ALWAYS_EMBED_SWIFT_STANDARD_LIBRARIES = YES;
				APP_GROUP = "group.com.caaaption-staging";
				APP_NAME = staging;
				ASSETCATALOG_COMPILER_APPICON_NAME = AppIcon;
				ASSETCATALOG_COMPILER_GLOBAL_ACCENT_COLOR_NAME = AccentColor;
				CLANG_ENABLE_MODULES = YES;
				CODE_SIGN_ENTITLEMENTS = Multiplatform/Staging/App.entitlements;
				CODE_SIGN_STYLE = Automatic;
				CURRENT_PROJECT_VERSION = 1;
				DEVELOPMENT_ASSET_PATHS = "\"Multiplatform/Preview Content\"";
				DEVELOPMENT_TEAM = AV9FQ3YF56;
				ENABLE_PREVIEWS = YES;
				GENERATE_INFOPLIST_FILE = NO;
				INFOPLIST_FILE = Multiplatform/Info.plist;
				INFOPLIST_KEY_CFBundleDisplayName = staging;
				INFOPLIST_KEY_UIApplicationSceneManifest_Generation = YES;
				INFOPLIST_KEY_UIApplicationSupportsIndirectInputEvents = YES;
				INFOPLIST_KEY_UILaunchScreen_Generation = YES;
				INFOPLIST_KEY_UISupportedInterfaceOrientations = "UIInterfaceOrientationPortrait UIInterfaceOrientationPortraitUpsideDown";
				INFOPLIST_KEY_UISupportedInterfaceOrientations_iPad = "UIInterfaceOrientationLandscapeLeft UIInterfaceOrientationLandscapeRight UIInterfaceOrientationPortrait UIInterfaceOrientationPortraitUpsideDown";
				IPHONEOS_DEPLOYMENT_TARGET = 16.0;
				LD_RUNPATH_SEARCH_PATHS = (
					"$(inherited)",
					"@executable_path/Frameworks",
				);
				MARKETING_VERSION = 1.0;
				PRODUCT_BUNDLE_IDENTIFIER = "com.caaaption-staging";
				PRODUCT_NAME = "$(TARGET_NAME)";
				SWIFT_EMIT_LOC_STRINGS = YES;
				SWIFT_VERSION = 5.0;
				TARGETED_DEVICE_FAMILY = "1,2";
			};
			name = Release;
		};
		B783E14F2A1200A2002E782F /* Debug */ = {
			isa = XCBuildConfiguration;
			buildSettings = {
				APP_GROUP = "group.com.caaaption-staging";
				APP_NAME = staging;
				ASSETCATALOG_COMPILER_GLOBAL_ACCENT_COLOR_NAME = AccentColor;
				ASSETCATALOG_COMPILER_WIDGET_BACKGROUND_COLOR_NAME = WidgetBackground;
				CODE_SIGN_ENTITLEMENTS = WidgetExtension/Staging/WidgetExtension.entitlements;
				CODE_SIGN_STYLE = Automatic;
				CURRENT_PROJECT_VERSION = 1;
				DEVELOPMENT_TEAM = AV9FQ3YF56;
				GENERATE_INFOPLIST_FILE = NO;
				INFOPLIST_FILE = WidgetExtension/Info.plist;
				INFOPLIST_KEY_CFBundleDisplayName = WidgetExtension;
				INFOPLIST_KEY_NSHumanReadableCopyright = "";
				IPHONEOS_DEPLOYMENT_TARGET = 16.0;
				LD_RUNPATH_SEARCH_PATHS = (
					"$(inherited)",
					"@executable_path/Frameworks",
					"@executable_path/../../Frameworks",
				);
				MARKETING_VERSION = 1.0;
				PRODUCT_BUNDLE_IDENTIFIER = "com.caaaption-staging.widget-extension";
				PRODUCT_NAME = "$(TARGET_NAME)";
				SKIP_INSTALL = YES;
				SWIFT_EMIT_LOC_STRINGS = YES;
				SWIFT_VERSION = 5.0;
				TARGETED_DEVICE_FAMILY = "1,2";
			};
			name = Debug;
		};
		B783E1502A1200A2002E782F /* Release */ = {
			isa = XCBuildConfiguration;
			buildSettings = {
				APP_GROUP = "group.com.caaaption-staging";
				APP_NAME = staging;
				ASSETCATALOG_COMPILER_GLOBAL_ACCENT_COLOR_NAME = AccentColor;
				ASSETCATALOG_COMPILER_WIDGET_BACKGROUND_COLOR_NAME = WidgetBackground;
				CODE_SIGN_ENTITLEMENTS = WidgetExtension/Staging/WidgetExtension.entitlements;
				CODE_SIGN_STYLE = Automatic;
				CURRENT_PROJECT_VERSION = 1;
				DEVELOPMENT_TEAM = AV9FQ3YF56;
				GENERATE_INFOPLIST_FILE = NO;
				INFOPLIST_FILE = WidgetExtension/Info.plist;
				INFOPLIST_KEY_CFBundleDisplayName = WidgetExtension;
				INFOPLIST_KEY_NSHumanReadableCopyright = "";
				IPHONEOS_DEPLOYMENT_TARGET = 16.0;
				LD_RUNPATH_SEARCH_PATHS = (
					"$(inherited)",
					"@executable_path/Frameworks",
					"@executable_path/../../Frameworks",
				);
				MARKETING_VERSION = 1.0;
				PRODUCT_BUNDLE_IDENTIFIER = "com.caaaption-staging.widget-extension";
				PRODUCT_NAME = "$(TARGET_NAME)";
				SKIP_INSTALL = YES;
				SWIFT_EMIT_LOC_STRINGS = YES;
				SWIFT_VERSION = 5.0;
				TARGETED_DEVICE_FAMILY = "1,2";
			};
			name = Release;
		};
/* End XCBuildConfiguration section */

/* Begin XCConfigurationList section */
		B783E0AD2A11FF7D002E782F /* Build configuration list for PBXProject "Staging" */ = {
			isa = XCConfigurationList;
			buildConfigurations = (
				B783E0BE2A11FF7D002E782F /* Debug */,
				B783E0BF2A11FF7D002E782F /* Release */,
			);
			defaultConfigurationIsVisible = 0;
			defaultConfigurationName = Release;
		};
		B783E1002A11FFD0002E782F /* Build configuration list for PBXNativeTarget "App" */ = {
			isa = XCConfigurationList;
			buildConfigurations = (
				B783E0FE2A11FFD0002E782F /* Debug */,
				B783E0FF2A11FFD0002E782F /* Release */,
			);
			defaultConfigurationIsVisible = 0;
			defaultConfigurationName = Release;
		};
		B783E14E2A1200A2002E782F /* Build configuration list for PBXNativeTarget "WidgetExtension" */ = {
			isa = XCConfigurationList;
			buildConfigurations = (
				B783E14F2A1200A2002E782F /* Debug */,
				B783E1502A1200A2002E782F /* Release */,
			);
			defaultConfigurationIsVisible = 0;
			defaultConfigurationName = Release;
		};
/* End XCConfigurationList section */

/* Begin XCSwiftPackageProductDependency section */
		B7DAE4862A40BAF30078772F /* AppFeature */ = {
			isa = XCSwiftPackageProductDependency;
			productName = AppFeature;
		};
		B7DAE4882A40BB060078772F /* QuickNodeClient */ = {
			isa = XCSwiftPackageProductDependency;
			productName = QuickNodeClient;
		};
		B7DAE48A2A40BB0A0078772F /* UserDefaultsClient */ = {
			isa = XCSwiftPackageProductDependency;
			productName = UserDefaultsClient;
		};
		B7DAE48C2A40BB110078772F /* WidgetClient */ = {
			isa = XCSwiftPackageProductDependency;
			productName = WidgetClient;
		};
		B7DAE48E2A40BB290078772F /* WidgetModule */ = {
			isa = XCSwiftPackageProductDependency;
			productName = WidgetModule;
		};
		B7DAE4902A40BB3E0078772F /* QuickNodeClient */ = {
			isa = XCSwiftPackageProductDependency;
			productName = QuickNodeClient;
		};
		B7DAE4922A40BB440078772F /* UserDefaultsClient */ = {
			isa = XCSwiftPackageProductDependency;
			productName = UserDefaultsClient;
		};
		B7DAE4942A40BB480078772F /* SnapshotClient */ = {
			isa = XCSwiftPackageProductDependency;
			productName = SnapshotClient;
		};
/* End XCSwiftPackageProductDependency section */
	};
	rootObject = B783E0AA2A11FF7D002E782F /* Project object */;
}
