// !$*UTF8*$!
{
	archiveVersion = 1;
	classes = {
	};
	objectVersion = 56;
	objects = {

/* Begin PBXBuildFile section */
		B7430FB329F88E9300BD2D0D /* WidgetKit.framework in Frameworks */ = {isa = PBXBuildFile; fileRef = B7430FB229F88E9300BD2D0D /* WidgetKit.framework */; };
		B7430FB529F88E9300BD2D0D /* SwiftUI.framework in Frameworks */ = {isa = PBXBuildFile; fileRef = B7430FB429F88E9300BD2D0D /* SwiftUI.framework */; };
		B7430FC029F88E9400BD2D0D /* ArtWidgetExtension.appex in Embed Foundation Extensions */ = {isa = PBXBuildFile; fileRef = B7430FB129F88E9300BD2D0D /* ArtWidgetExtension.appex */; settings = {ATTRIBUTES = (RemoveHeadersOnCopy, ); }; };
		B7430FC629F88F1E00BD2D0D /* ArtWidgetFeature in Frameworks */ = {isa = PBXBuildFile; productRef = B7430FC529F88F1E00BD2D0D /* ArtWidgetFeature */; };
		B7430FD329F8942C00BD2D0D /* ArtWidgetBundle.swift in Sources */ = {isa = PBXBuildFile; fileRef = B7430FD029F8942C00BD2D0D /* ArtWidgetBundle.swift */; };
		B7430FD429F8942C00BD2D0D /* Assets.xcassets in Resources */ = {isa = PBXBuildFile; fileRef = B7430FD129F8942C00BD2D0D /* Assets.xcassets */; };
		B743100C29F8AFF600BD2D0D /* WidgetKit.framework in Frameworks */ = {isa = PBXBuildFile; fileRef = B7430FB229F88E9300BD2D0D /* WidgetKit.framework */; };
		B743100D29F8AFF600BD2D0D /* SwiftUI.framework in Frameworks */ = {isa = PBXBuildFile; fileRef = B7430FB429F88E9300BD2D0D /* SwiftUI.framework */; };
		B743101829F8AFF700BD2D0D /* BalanceWidgetExtension.appex in Embed Foundation Extensions */ = {isa = PBXBuildFile; fileRef = B743100B29F8AFF600BD2D0D /* BalanceWidgetExtension.appex */; settings = {ATTRIBUTES = (RemoveHeadersOnCopy, ); }; };
		B743101D29F8B00000BD2D0D /* BalanceWidgetFeature in Frameworks */ = {isa = PBXBuildFile; productRef = B743101C29F8B00000BD2D0D /* BalanceWidgetFeature */; };
		B7431A3529D8E8F700580C1A /* Assets.xcassets in Resources */ = {isa = PBXBuildFile; fileRef = B7431A3029D8E8F700580C1A /* Assets.xcassets */; };
		B7431A3629D8E8F700580C1A /* App.swift in Sources */ = {isa = PBXBuildFile; fileRef = B7431A3129D8E8F700580C1A /* App.swift */; };
		B7431A3729D8E8F700580C1A /* Preview Assets.xcassets in Resources */ = {isa = PBXBuildFile; fileRef = B7431A3329D8E8F700580C1A /* Preview Assets.xcassets */; };
		B7431A3A29D8E9D000580C1A /* AppFeature in Frameworks */ = {isa = PBXBuildFile; productRef = B7431A3929D8E9D000580C1A /* AppFeature */; };
		B7431A3C29D8E9D000580C1A /* PhotoLibraryClientLive in Frameworks */ = {isa = PBXBuildFile; productRef = B7431A3B29D8E9D000580C1A /* PhotoLibraryClientLive */; };
/* End PBXBuildFile section */

/* Begin PBXContainerItemProxy section */
		B7430FBE29F88E9400BD2D0D /* PBXContainerItemProxy */ = {
			isa = PBXContainerItemProxy;
			containerPortal = B712F5CD29B595FD00B433F8 /* Project object */;
			proxyType = 1;
			remoteGlobalIDString = B7430FB029F88E9300BD2D0D;
			remoteInfo = ArtWidgetExtension;
		};
		B743101629F8AFF700BD2D0D /* PBXContainerItemProxy */ = {
			isa = PBXContainerItemProxy;
			containerPortal = B712F5CD29B595FD00B433F8 /* Project object */;
			proxyType = 1;
			remoteGlobalIDString = B743100A29F8AFF600BD2D0D;
			remoteInfo = BalanceWidgetExtension;
		};
/* End PBXContainerItemProxy section */

/* Begin PBXCopyFilesBuildPhase section */
		B7430FC129F88E9400BD2D0D /* Embed Foundation Extensions */ = {
			isa = PBXCopyFilesBuildPhase;
			buildActionMask = 2147483647;
			dstPath = "";
			dstSubfolderSpec = 13;
			files = (
				B7430FC029F88E9400BD2D0D /* ArtWidgetExtension.appex in Embed Foundation Extensions */,
				B743101829F8AFF700BD2D0D /* BalanceWidgetExtension.appex in Embed Foundation Extensions */,
			);
			name = "Embed Foundation Extensions";
			runOnlyForDeploymentPostprocessing = 0;
		};
/* End PBXCopyFilesBuildPhase section */

/* Begin PBXFileReference section */
		B7430FB129F88E9300BD2D0D /* ArtWidgetExtension.appex */ = {isa = PBXFileReference; explicitFileType = "wrapper.app-extension"; includeInIndex = 0; path = ArtWidgetExtension.appex; sourceTree = BUILT_PRODUCTS_DIR; };
		B7430FB229F88E9300BD2D0D /* WidgetKit.framework */ = {isa = PBXFileReference; lastKnownFileType = wrapper.framework; name = WidgetKit.framework; path = System/Library/Frameworks/WidgetKit.framework; sourceTree = SDKROOT; };
		B7430FB429F88E9300BD2D0D /* SwiftUI.framework */ = {isa = PBXFileReference; lastKnownFileType = wrapper.framework; name = SwiftUI.framework; path = System/Library/Frameworks/SwiftUI.framework; sourceTree = SDKROOT; };
		B7430FD029F8942C00BD2D0D /* ArtWidgetBundle.swift */ = {isa = PBXFileReference; fileEncoding = 4; lastKnownFileType = sourcecode.swift; path = ArtWidgetBundle.swift; sourceTree = "<group>"; };
		B7430FD129F8942C00BD2D0D /* Assets.xcassets */ = {isa = PBXFileReference; lastKnownFileType = folder.assetcatalog; path = Assets.xcassets; sourceTree = "<group>"; };
		B7430FD229F8942C00BD2D0D /* Info.plist */ = {isa = PBXFileReference; fileEncoding = 4; lastKnownFileType = text.plist.xml; path = Info.plist; sourceTree = "<group>"; };
		B7430FF029F8AD7B00BD2D0D /* Intents.framework */ = {isa = PBXFileReference; lastKnownFileType = wrapper.framework; name = Intents.framework; path = System/Library/Frameworks/Intents.framework; sourceTree = SDKROOT; };
		B7430FFD29F8ADB200BD2D0D /* BalanceWidgetBundle.swift */ = {isa = PBXFileReference; fileEncoding = 4; lastKnownFileType = sourcecode.swift; path = BalanceWidgetBundle.swift; sourceTree = "<group>"; };
		B7430FFE29F8ADB200BD2D0D /* Assets.xcassets */ = {isa = PBXFileReference; lastKnownFileType = folder.assetcatalog; path = Assets.xcassets; sourceTree = "<group>"; };
		B7430FFF29F8ADB200BD2D0D /* BalanceWidget.swift */ = {isa = PBXFileReference; fileEncoding = 4; lastKnownFileType = sourcecode.swift; path = BalanceWidget.swift; sourceTree = "<group>"; };
		B743100029F8ADB200BD2D0D /* Info.plist */ = {isa = PBXFileReference; fileEncoding = 4; lastKnownFileType = text.plist.xml; path = Info.plist; sourceTree = "<group>"; };
		B743100B29F8AFF600BD2D0D /* BalanceWidgetExtension.appex */ = {isa = PBXFileReference; explicitFileType = "wrapper.app-extension"; includeInIndex = 0; path = BalanceWidgetExtension.appex; sourceTree = BUILT_PRODUCTS_DIR; };
		B7431A2129D8E8ED00580C1A /* App.app */ = {isa = PBXFileReference; explicitFileType = wrapper.application; includeInIndex = 0; path = App.app; sourceTree = BUILT_PRODUCTS_DIR; };
		B7431A3029D8E8F700580C1A /* Assets.xcassets */ = {isa = PBXFileReference; lastKnownFileType = folder.assetcatalog; path = Assets.xcassets; sourceTree = "<group>"; };
		B7431A3129D8E8F700580C1A /* App.swift */ = {isa = PBXFileReference; fileEncoding = 4; lastKnownFileType = sourcecode.swift; path = App.swift; sourceTree = "<group>"; };
		B7431A3329D8E8F700580C1A /* Preview Assets.xcassets */ = {isa = PBXFileReference; lastKnownFileType = folder.assetcatalog; path = "Preview Assets.xcassets"; sourceTree = "<group>"; };
		B7431A4829D8EC3600580C1A /* Info.plist */ = {isa = PBXFileReference; lastKnownFileType = text.plist.xml; path = Info.plist; sourceTree = "<group>"; };
/* End PBXFileReference section */

/* Begin PBXFrameworksBuildPhase section */
		B7430FAE29F88E9300BD2D0D /* Frameworks */ = {
			isa = PBXFrameworksBuildPhase;
			buildActionMask = 2147483647;
			files = (
				B7430FB529F88E9300BD2D0D /* SwiftUI.framework in Frameworks */,
				B7430FC629F88F1E00BD2D0D /* ArtWidgetFeature in Frameworks */,
				B7430FB329F88E9300BD2D0D /* WidgetKit.framework in Frameworks */,
			);
			runOnlyForDeploymentPostprocessing = 0;
		};
		B743100829F8AFF600BD2D0D /* Frameworks */ = {
			isa = PBXFrameworksBuildPhase;
			buildActionMask = 2147483647;
			files = (
				B743100D29F8AFF600BD2D0D /* SwiftUI.framework in Frameworks */,
				B743101D29F8B00000BD2D0D /* BalanceWidgetFeature in Frameworks */,
				B743100C29F8AFF600BD2D0D /* WidgetKit.framework in Frameworks */,
			);
			runOnlyForDeploymentPostprocessing = 0;
		};
		B7431A1E29D8E8ED00580C1A /* Frameworks */ = {
			isa = PBXFrameworksBuildPhase;
			buildActionMask = 2147483647;
			files = (
				B7431A3C29D8E9D000580C1A /* PhotoLibraryClientLive in Frameworks */,
				B7431A3A29D8E9D000580C1A /* AppFeature in Frameworks */,
			);
			runOnlyForDeploymentPostprocessing = 0;
		};
/* End PBXFrameworksBuildPhase section */

/* Begin PBXGroup section */
		B712F5CC29B595FD00B433F8 = {
			isa = PBXGroup;
			children = (
				B7431A2F29D8E8F700580C1A /* iOS */,
				B7430FCE29F8942C00BD2D0D /* Widgets */,
				B712F5D629B595FD00B433F8 /* Products */,
				B712F62429B5972400B433F8 /* Frameworks */,
			);
			sourceTree = "<group>";
		};
		B712F5D629B595FD00B433F8 /* Products */ = {
			isa = PBXGroup;
			children = (
				B7431A2129D8E8ED00580C1A /* App.app */,
				B7430FB129F88E9300BD2D0D /* ArtWidgetExtension.appex */,
				B743100B29F8AFF600BD2D0D /* BalanceWidgetExtension.appex */,
			);
			name = Products;
			sourceTree = "<group>";
		};
		B712F62429B5972400B433F8 /* Frameworks */ = {
			isa = PBXGroup;
			children = (
				B7430FB229F88E9300BD2D0D /* WidgetKit.framework */,
				B7430FB429F88E9300BD2D0D /* SwiftUI.framework */,
				B7430FF029F8AD7B00BD2D0D /* Intents.framework */,
			);
			name = Frameworks;
			sourceTree = "<group>";
		};
		B7430FCE29F8942C00BD2D0D /* Widgets */ = {
			isa = PBXGroup;
			children = (
				B7430FCF29F8942C00BD2D0D /* ArtWidget */,
				B7430FFC29F8ADB200BD2D0D /* BalanceWidget */,
			);
			path = Widgets;
			sourceTree = "<group>";
		};
		B7430FCF29F8942C00BD2D0D /* ArtWidget */ = {
			isa = PBXGroup;
			children = (
				B7430FD029F8942C00BD2D0D /* ArtWidgetBundle.swift */,
				B7430FD129F8942C00BD2D0D /* Assets.xcassets */,
				B7430FD229F8942C00BD2D0D /* Info.plist */,
			);
			path = ArtWidget;
			sourceTree = "<group>";
		};
		B7430FFC29F8ADB200BD2D0D /* BalanceWidget */ = {
			isa = PBXGroup;
			children = (
				B7430FFD29F8ADB200BD2D0D /* BalanceWidgetBundle.swift */,
				B7430FFF29F8ADB200BD2D0D /* BalanceWidget.swift */,
				B7430FFE29F8ADB200BD2D0D /* Assets.xcassets */,
				B743100029F8ADB200BD2D0D /* Info.plist */,
			);
			path = BalanceWidget;
			sourceTree = "<group>";
		};
		B7431A2F29D8E8F700580C1A /* iOS */ = {
			isa = PBXGroup;
			children = (
				B7431A3029D8E8F700580C1A /* Assets.xcassets */,
				B7431A4829D8EC3600580C1A /* Info.plist */,
				B7431A3129D8E8F700580C1A /* App.swift */,
				B7431A3229D8E8F700580C1A /* Preview Content */,
			);
			path = iOS;
			sourceTree = "<group>";
		};
		B7431A3229D8E8F700580C1A /* Preview Content */ = {
			isa = PBXGroup;
			children = (
				B7431A3329D8E8F700580C1A /* Preview Assets.xcassets */,
			);
			path = "Preview Content";
			sourceTree = "<group>";
		};
/* End PBXGroup section */

/* Begin PBXNativeTarget section */
		B7430FB029F88E9300BD2D0D /* ArtWidgetExtension */ = {
			isa = PBXNativeTarget;
			buildConfigurationList = B7430FC429F88E9400BD2D0D /* Build configuration list for PBXNativeTarget "ArtWidgetExtension" */;
			buildPhases = (
				B7430FAD29F88E9300BD2D0D /* Sources */,
				B7430FAE29F88E9300BD2D0D /* Frameworks */,
				B7430FAF29F88E9300BD2D0D /* Resources */,
			);
			buildRules = (
			);
			dependencies = (
			);
			name = ArtWidgetExtension;
			packageProductDependencies = (
				B7430FC529F88F1E00BD2D0D /* ArtWidgetFeature */,
			);
			productName = ArtWidgetExtension;
			productReference = B7430FB129F88E9300BD2D0D /* ArtWidgetExtension.appex */;
			productType = "com.apple.product-type.app-extension";
		};
		B743100A29F8AFF600BD2D0D /* BalanceWidgetExtension */ = {
			isa = PBXNativeTarget;
			buildConfigurationList = B743101929F8AFF700BD2D0D /* Build configuration list for PBXNativeTarget "BalanceWidgetExtension" */;
			buildPhases = (
				B743100729F8AFF600BD2D0D /* Sources */,
				B743100829F8AFF600BD2D0D /* Frameworks */,
				B743100929F8AFF600BD2D0D /* Resources */,
			);
			buildRules = (
			);
			dependencies = (
			);
			name = BalanceWidgetExtension;
			packageProductDependencies = (
				B743101C29F8B00000BD2D0D /* BalanceWidgetFeature */,
			);
			productName = BalanceWidgetExtension;
			productReference = B743100B29F8AFF600BD2D0D /* BalanceWidgetExtension.appex */;
			productType = "com.apple.product-type.app-extension";
		};
		B7431A2029D8E8ED00580C1A /* App */ = {
			isa = PBXNativeTarget;
			buildConfigurationList = B7431A2C29D8E8EE00580C1A /* Build configuration list for PBXNativeTarget "App" */;
			buildPhases = (
				B7431A1D29D8E8ED00580C1A /* Sources */,
				B7431A1E29D8E8ED00580C1A /* Frameworks */,
				B7431A1F29D8E8ED00580C1A /* Resources */,
				B7430FC129F88E9400BD2D0D /* Embed Foundation Extensions */,
			);
			buildRules = (
			);
			dependencies = (
				B7430FBF29F88E9400BD2D0D /* PBXTargetDependency */,
				B743101729F8AFF700BD2D0D /* PBXTargetDependency */,
			);
			name = App;
			packageProductDependencies = (
				B7431A3929D8E9D000580C1A /* AppFeature */,
				B7431A3B29D8E9D000580C1A /* PhotoLibraryClientLive */,
			);
			productName = App;
			productReference = B7431A2129D8E8ED00580C1A /* App.app */;
			productType = "com.apple.product-type.application";
		};
/* End PBXNativeTarget section */

/* Begin PBXProject section */
		B712F5CD29B595FD00B433F8 /* Project object */ = {
			isa = PBXProject;
			attributes = {
				BuildIndependentTargetsInParallel = 1;
				LastSwiftUpdateCheck = 1430;
				LastUpgradeCheck = 1430;
				TargetAttributes = {
					B7430FB029F88E9300BD2D0D = {
						CreatedOnToolsVersion = 14.3;
					};
					B743100A29F8AFF600BD2D0D = {
						CreatedOnToolsVersion = 14.3;
					};
					B7431A2029D8E8ED00580C1A = {
						CreatedOnToolsVersion = 14.3;
					};
				};
			};
			buildConfigurationList = B712F5D029B595FD00B433F8 /* Build configuration list for PBXProject "Production" */;
			compatibilityVersion = "Xcode 14.0";
			developmentRegion = en;
			hasScannedForEncodings = 0;
			knownRegions = (
				en,
				Base,
				ja,
			);
			mainGroup = B712F5CC29B595FD00B433F8;
			productRefGroup = B712F5D629B595FD00B433F8 /* Products */;
			projectDirPath = "";
			projectRoot = "";
			targets = (
				B7431A2029D8E8ED00580C1A /* App */,
				B7430FB029F88E9300BD2D0D /* ArtWidgetExtension */,
				B743100A29F8AFF600BD2D0D /* BalanceWidgetExtension */,
			);
		};
/* End PBXProject section */

/* Begin PBXResourcesBuildPhase section */
		B7430FAF29F88E9300BD2D0D /* Resources */ = {
			isa = PBXResourcesBuildPhase;
			buildActionMask = 2147483647;
			files = (
				B7430FD429F8942C00BD2D0D /* Assets.xcassets in Resources */,
			);
			runOnlyForDeploymentPostprocessing = 0;
		};
		B743100929F8AFF600BD2D0D /* Resources */ = {
			isa = PBXResourcesBuildPhase;
			buildActionMask = 2147483647;
			files = (
			);
			runOnlyForDeploymentPostprocessing = 0;
		};
		B7431A1F29D8E8ED00580C1A /* Resources */ = {
			isa = PBXResourcesBuildPhase;
			buildActionMask = 2147483647;
			files = (
				B7431A3729D8E8F700580C1A /* Preview Assets.xcassets in Resources */,
				B7431A3529D8E8F700580C1A /* Assets.xcassets in Resources */,
			);
			runOnlyForDeploymentPostprocessing = 0;
		};
/* End PBXResourcesBuildPhase section */

/* Begin PBXSourcesBuildPhase section */
		B7430FAD29F88E9300BD2D0D /* Sources */ = {
			isa = PBXSourcesBuildPhase;
			buildActionMask = 2147483647;
			files = (
				B7430FD329F8942C00BD2D0D /* ArtWidgetBundle.swift in Sources */,
			);
			runOnlyForDeploymentPostprocessing = 0;
		};
		B743100729F8AFF600BD2D0D /* Sources */ = {
			isa = PBXSourcesBuildPhase;
			buildActionMask = 2147483647;
			files = (
			);
			runOnlyForDeploymentPostprocessing = 0;
		};
		B7431A1D29D8E8ED00580C1A /* Sources */ = {
			isa = PBXSourcesBuildPhase;
			buildActionMask = 2147483647;
			files = (
				B7431A3629D8E8F700580C1A /* App.swift in Sources */,
			);
			runOnlyForDeploymentPostprocessing = 0;
		};
/* End PBXSourcesBuildPhase section */

/* Begin PBXTargetDependency section */
		B7430FBF29F88E9400BD2D0D /* PBXTargetDependency */ = {
			isa = PBXTargetDependency;
			target = B7430FB029F88E9300BD2D0D /* ArtWidgetExtension */;
			targetProxy = B7430FBE29F88E9400BD2D0D /* PBXContainerItemProxy */;
		};
		B743101729F8AFF700BD2D0D /* PBXTargetDependency */ = {
			isa = PBXTargetDependency;
			target = B743100A29F8AFF600BD2D0D /* BalanceWidgetExtension */;
			targetProxy = B743101629F8AFF700BD2D0D /* PBXContainerItemProxy */;
		};
/* End PBXTargetDependency section */

/* Begin XCBuildConfiguration section */
		B712F5E129B595FE00B433F8 /* Debug */ = {
			isa = XCBuildConfiguration;
			buildSettings = {
				ALWAYS_SEARCH_USER_PATHS = NO;
				CLANG_ANALYZER_LOCALIZABILITY_NONLOCALIZED = YES;
				CLANG_ANALYZER_NONNULL = YES;
				CLANG_ANALYZER_NUMBER_OBJECT_CONVERSION = YES_AGGRESSIVE;
				CLANG_CXX_LANGUAGE_STANDARD = "gnu++20";
				CLANG_ENABLE_MODULES = YES;
				CLANG_ENABLE_OBJC_ARC = YES;
				CLANG_ENABLE_OBJC_WEAK = YES;
				CLANG_WARN_BLOCK_CAPTURE_AUTORELEASING = YES;
				CLANG_WARN_BOOL_CONVERSION = YES;
				CLANG_WARN_COMMA = YES;
				CLANG_WARN_CONSTANT_CONVERSION = YES;
				CLANG_WARN_DEPRECATED_OBJC_IMPLEMENTATIONS = YES;
				CLANG_WARN_DIRECT_OBJC_ISA_USAGE = YES_ERROR;
				CLANG_WARN_DOCUMENTATION_COMMENTS = YES;
				CLANG_WARN_EMPTY_BODY = YES;
				CLANG_WARN_ENUM_CONVERSION = YES;
				CLANG_WARN_INFINITE_RECURSION = YES;
				CLANG_WARN_INT_CONVERSION = YES;
				CLANG_WARN_NON_LITERAL_NULL_CONVERSION = YES;
				CLANG_WARN_OBJC_IMPLICIT_RETAIN_SELF = YES;
				CLANG_WARN_OBJC_LITERAL_CONVERSION = YES;
				CLANG_WARN_OBJC_ROOT_CLASS = YES_ERROR;
				CLANG_WARN_QUOTED_INCLUDE_IN_FRAMEWORK_HEADER = YES;
				CLANG_WARN_RANGE_LOOP_ANALYSIS = YES;
				CLANG_WARN_STRICT_PROTOTYPES = YES;
				CLANG_WARN_SUSPICIOUS_MOVE = YES;
				CLANG_WARN_UNGUARDED_AVAILABILITY = YES_AGGRESSIVE;
				CLANG_WARN_UNREACHABLE_CODE = YES;
				CLANG_WARN__DUPLICATE_METHOD_MATCH = YES;
				COPY_PHASE_STRIP = NO;
				DEBUG_INFORMATION_FORMAT = dwarf;
				ENABLE_STRICT_OBJC_MSGSEND = YES;
				ENABLE_TESTABILITY = YES;
				GCC_C_LANGUAGE_STANDARD = gnu11;
				GCC_DYNAMIC_NO_PIC = NO;
				GCC_NO_COMMON_BLOCKS = YES;
				GCC_OPTIMIZATION_LEVEL = 0;
				GCC_PREPROCESSOR_DEFINITIONS = (
					"DEBUG=1",
					"$(inherited)",
				);
				GCC_WARN_64_TO_32_BIT_CONVERSION = YES;
				GCC_WARN_ABOUT_RETURN_TYPE = YES_ERROR;
				GCC_WARN_UNDECLARED_SELECTOR = YES;
				GCC_WARN_UNINITIALIZED_AUTOS = YES_AGGRESSIVE;
				GCC_WARN_UNUSED_FUNCTION = YES;
				GCC_WARN_UNUSED_VARIABLE = YES;
				IPHONEOS_DEPLOYMENT_TARGET = 16.0;
				MTL_ENABLE_DEBUG_INFO = INCLUDE_SOURCE;
				MTL_FAST_MATH = YES;
				ONLY_ACTIVE_ARCH = YES;
				SDKROOT = iphoneos;
				SWIFT_ACTIVE_COMPILATION_CONDITIONS = DEBUG;
				SWIFT_OPTIMIZATION_LEVEL = "-Onone";
			};
			name = Debug;
		};
		B712F5E229B595FE00B433F8 /* Release */ = {
			isa = XCBuildConfiguration;
			buildSettings = {
				ALWAYS_SEARCH_USER_PATHS = NO;
				CLANG_ANALYZER_LOCALIZABILITY_NONLOCALIZED = YES;
				CLANG_ANALYZER_NONNULL = YES;
				CLANG_ANALYZER_NUMBER_OBJECT_CONVERSION = YES_AGGRESSIVE;
				CLANG_CXX_LANGUAGE_STANDARD = "gnu++20";
				CLANG_ENABLE_MODULES = YES;
				CLANG_ENABLE_OBJC_ARC = YES;
				CLANG_ENABLE_OBJC_WEAK = YES;
				CLANG_WARN_BLOCK_CAPTURE_AUTORELEASING = YES;
				CLANG_WARN_BOOL_CONVERSION = YES;
				CLANG_WARN_COMMA = YES;
				CLANG_WARN_CONSTANT_CONVERSION = YES;
				CLANG_WARN_DEPRECATED_OBJC_IMPLEMENTATIONS = YES;
				CLANG_WARN_DIRECT_OBJC_ISA_USAGE = YES_ERROR;
				CLANG_WARN_DOCUMENTATION_COMMENTS = YES;
				CLANG_WARN_EMPTY_BODY = YES;
				CLANG_WARN_ENUM_CONVERSION = YES;
				CLANG_WARN_INFINITE_RECURSION = YES;
				CLANG_WARN_INT_CONVERSION = YES;
				CLANG_WARN_NON_LITERAL_NULL_CONVERSION = YES;
				CLANG_WARN_OBJC_IMPLICIT_RETAIN_SELF = YES;
				CLANG_WARN_OBJC_LITERAL_CONVERSION = YES;
				CLANG_WARN_OBJC_ROOT_CLASS = YES_ERROR;
				CLANG_WARN_QUOTED_INCLUDE_IN_FRAMEWORK_HEADER = YES;
				CLANG_WARN_RANGE_LOOP_ANALYSIS = YES;
				CLANG_WARN_STRICT_PROTOTYPES = YES;
				CLANG_WARN_SUSPICIOUS_MOVE = YES;
				CLANG_WARN_UNGUARDED_AVAILABILITY = YES_AGGRESSIVE;
				CLANG_WARN_UNREACHABLE_CODE = YES;
				CLANG_WARN__DUPLICATE_METHOD_MATCH = YES;
				COPY_PHASE_STRIP = NO;
				DEBUG_INFORMATION_FORMAT = "dwarf-with-dsym";
				ENABLE_NS_ASSERTIONS = NO;
				ENABLE_STRICT_OBJC_MSGSEND = YES;
				GCC_C_LANGUAGE_STANDARD = gnu11;
				GCC_NO_COMMON_BLOCKS = YES;
				GCC_WARN_64_TO_32_BIT_CONVERSION = YES;
				GCC_WARN_ABOUT_RETURN_TYPE = YES_ERROR;
				GCC_WARN_UNDECLARED_SELECTOR = YES;
				GCC_WARN_UNINITIALIZED_AUTOS = YES_AGGRESSIVE;
				GCC_WARN_UNUSED_FUNCTION = YES;
				GCC_WARN_UNUSED_VARIABLE = YES;
				IPHONEOS_DEPLOYMENT_TARGET = 16.0;
				MTL_ENABLE_DEBUG_INFO = NO;
				MTL_FAST_MATH = YES;
				SDKROOT = iphoneos;
				SWIFT_COMPILATION_MODE = wholemodule;
				SWIFT_OPTIMIZATION_LEVEL = "-O";
				VALIDATE_PRODUCT = YES;
			};
			name = Release;
		};
		B7430FC229F88E9400BD2D0D /* Debug */ = {
			isa = XCBuildConfiguration;
			buildSettings = {
				ASSETCATALOG_COMPILER_GLOBAL_ACCENT_COLOR_NAME = AccentColor;
				ASSETCATALOG_COMPILER_WIDGET_BACKGROUND_COLOR_NAME = WidgetBackground;
				CODE_SIGN_STYLE = Automatic;
				CURRENT_PROJECT_VERSION = 1;
				DEVELOPMENT_TEAM = AV9FQ3YF56;
				GENERATE_INFOPLIST_FILE = YES;
				INFOPLIST_FILE = Widgets/ArtWidget/Info.plist;
				INFOPLIST_KEY_CFBundleDisplayName = ArtWidget;
				INFOPLIST_KEY_NSHumanReadableCopyright = "";
				IPHONEOS_DEPLOYMENT_TARGET = 16.0;
				LD_RUNPATH_SEARCH_PATHS = (
					"$(inherited)",
					"@executable_path/Frameworks",
					"@executable_path/../../Frameworks",
				);
				MARKETING_VERSION = 1.0;
				PRODUCT_BUNDLE_IDENTIFIER = "com.caaaption.app.widget-art";
				PRODUCT_NAME = "$(TARGET_NAME)";
				SKIP_INSTALL = YES;
				SWIFT_EMIT_LOC_STRINGS = YES;
				SWIFT_VERSION = 5.0;
				TARGETED_DEVICE_FAMILY = "1,2";
			};
			name = Debug;
		};
		B7430FC329F88E9400BD2D0D /* Release */ = {
			isa = XCBuildConfiguration;
			buildSettings = {
				ASSETCATALOG_COMPILER_GLOBAL_ACCENT_COLOR_NAME = AccentColor;
				ASSETCATALOG_COMPILER_WIDGET_BACKGROUND_COLOR_NAME = WidgetBackground;
				CODE_SIGN_STYLE = Automatic;
				CURRENT_PROJECT_VERSION = 1;
				DEVELOPMENT_TEAM = AV9FQ3YF56;
				GENERATE_INFOPLIST_FILE = YES;
				INFOPLIST_FILE = Widgets/ArtWidget/Info.plist;
				INFOPLIST_KEY_CFBundleDisplayName = ArtWidget;
				INFOPLIST_KEY_NSHumanReadableCopyright = "";
				IPHONEOS_DEPLOYMENT_TARGET = 16.0;
				LD_RUNPATH_SEARCH_PATHS = (
					"$(inherited)",
					"@executable_path/Frameworks",
					"@executable_path/../../Frameworks",
				);
				MARKETING_VERSION = 1.0;
				PRODUCT_BUNDLE_IDENTIFIER = "com.caaaption.app.widget-art";
				PRODUCT_NAME = "$(TARGET_NAME)";
				SKIP_INSTALL = YES;
				SWIFT_EMIT_LOC_STRINGS = YES;
				SWIFT_VERSION = 5.0;
				TARGETED_DEVICE_FAMILY = "1,2";
			};
			name = Release;
		};
		B743101A29F8AFF700BD2D0D /* Debug */ = {
			isa = XCBuildConfiguration;
			buildSettings = {
				ASSETCATALOG_COMPILER_GLOBAL_ACCENT_COLOR_NAME = AccentColor;
				ASSETCATALOG_COMPILER_WIDGET_BACKGROUND_COLOR_NAME = WidgetBackground;
				CODE_SIGN_STYLE = Automatic;
				CURRENT_PROJECT_VERSION = 1;
				DEVELOPMENT_TEAM = AV9FQ3YF56;
				GENERATE_INFOPLIST_FILE = YES;
				INFOPLIST_FILE = Widgets/BalanceWidget/Info.plist;
				INFOPLIST_KEY_CFBundleDisplayName = BalanceWidget;
				INFOPLIST_KEY_NSHumanReadableCopyright = "";
				IPHONEOS_DEPLOYMENT_TARGET = 16.4;
				LD_RUNPATH_SEARCH_PATHS = (
					"$(inherited)",
					"@executable_path/Frameworks",
					"@executable_path/../../Frameworks",
				);
				MARKETING_VERSION = 1.0;
				PRODUCT_BUNDLE_IDENTIFIER = "com.caaaption.app.balance-widget";
				PRODUCT_NAME = "$(TARGET_NAME)";
				SKIP_INSTALL = YES;
				SWIFT_EMIT_LOC_STRINGS = YES;
				SWIFT_VERSION = 5.0;
				TARGETED_DEVICE_FAMILY = "1,2";
			};
			name = Debug;
		};
		B743101B29F8AFF700BD2D0D /* Release */ = {
			isa = XCBuildConfiguration;
			buildSettings = {
				ASSETCATALOG_COMPILER_GLOBAL_ACCENT_COLOR_NAME = AccentColor;
				ASSETCATALOG_COMPILER_WIDGET_BACKGROUND_COLOR_NAME = WidgetBackground;
				CODE_SIGN_STYLE = Automatic;
				CURRENT_PROJECT_VERSION = 1;
				DEVELOPMENT_TEAM = AV9FQ3YF56;
				GENERATE_INFOPLIST_FILE = YES;
				INFOPLIST_FILE = Widgets/BalanceWidget/Info.plist;
				INFOPLIST_KEY_CFBundleDisplayName = BalanceWidget;
				INFOPLIST_KEY_NSHumanReadableCopyright = "";
				IPHONEOS_DEPLOYMENT_TARGET = 16.4;
				LD_RUNPATH_SEARCH_PATHS = (
					"$(inherited)",
					"@executable_path/Frameworks",
					"@executable_path/../../Frameworks",
				);
				MARKETING_VERSION = 1.0;
				PRODUCT_BUNDLE_IDENTIFIER = "com.caaaption.app.balance-widget";
				PRODUCT_NAME = "$(TARGET_NAME)";
				SKIP_INSTALL = YES;
				SWIFT_EMIT_LOC_STRINGS = YES;
				SWIFT_VERSION = 5.0;
				TARGETED_DEVICE_FAMILY = "1,2";
			};
			name = Release;
		};
		B7431A2D29D8E8EE00580C1A /* Debug */ = {
			isa = XCBuildConfiguration;
			buildSettings = {
				ALWAYS_EMBED_SWIFT_STANDARD_LIBRARIES = YES;
				ASSETCATALOG_COMPILER_APPICON_NAME = AppIcon;
				ASSETCATALOG_COMPILER_GLOBAL_ACCENT_COLOR_NAME = AccentColor;
				CODE_SIGN_STYLE = Automatic;
				CURRENT_PROJECT_VERSION = 1;
				DEVELOPMENT_ASSET_PATHS = "\"iOS/Preview Content\"";
				DEVELOPMENT_TEAM = AV9FQ3YF56;
				ENABLE_PREVIEWS = YES;
				GENERATE_INFOPLIST_FILE = NO;
				INFOPLIST_FILE = iOS/Info.plist;
				INFOPLIST_KEY_CFBundleDisplayName = caaaption;
				INFOPLIST_KEY_LSApplicationCategoryType = "public.app-category.social-networking";
				INFOPLIST_KEY_UIApplicationSceneManifest_Generation = YES;
				INFOPLIST_KEY_UIApplicationSupportsIndirectInputEvents = YES;
				INFOPLIST_KEY_UILaunchScreen_Generation = YES;
				INFOPLIST_KEY_UISupportedInterfaceOrientations_iPad = "UIInterfaceOrientationPortrait UIInterfaceOrientationPortraitUpsideDown UIInterfaceOrientationLandscapeLeft UIInterfaceOrientationLandscapeRight";
				INFOPLIST_KEY_UISupportedInterfaceOrientations_iPhone = "UIInterfaceOrientationPortrait UIInterfaceOrientationLandscapeLeft UIInterfaceOrientationLandscapeRight";
				IPHONEOS_DEPLOYMENT_TARGET = 16.0;
				LD_RUNPATH_SEARCH_PATHS = (
					"$(inherited)",
					"@executable_path/Frameworks",
				);
				MARKETING_VERSION = 1.0;
				PRODUCT_BUNDLE_IDENTIFIER = com.caaaption.app;
				PRODUCT_NAME = "$(TARGET_NAME)";
				SWIFT_EMIT_LOC_STRINGS = YES;
				SWIFT_VERSION = 5.0;
				TARGETED_DEVICE_FAMILY = "1,2";
			};
			name = Debug;
		};
		B7431A2E29D8E8EE00580C1A /* Release */ = {
			isa = XCBuildConfiguration;
			buildSettings = {
				ALWAYS_EMBED_SWIFT_STANDARD_LIBRARIES = YES;
				ASSETCATALOG_COMPILER_APPICON_NAME = AppIcon;
				ASSETCATALOG_COMPILER_GLOBAL_ACCENT_COLOR_NAME = AccentColor;
				CODE_SIGN_STYLE = Automatic;
				CURRENT_PROJECT_VERSION = 1;
				DEVELOPMENT_ASSET_PATHS = "\"iOS/Preview Content\"";
				DEVELOPMENT_TEAM = AV9FQ3YF56;
				ENABLE_PREVIEWS = YES;
				GENERATE_INFOPLIST_FILE = NO;
				INFOPLIST_FILE = iOS/Info.plist;
				INFOPLIST_KEY_CFBundleDisplayName = caaaption;
				INFOPLIST_KEY_LSApplicationCategoryType = "public.app-category.social-networking";
				INFOPLIST_KEY_UIApplicationSceneManifest_Generation = YES;
				INFOPLIST_KEY_UIApplicationSupportsIndirectInputEvents = YES;
				INFOPLIST_KEY_UILaunchScreen_Generation = YES;
				INFOPLIST_KEY_UISupportedInterfaceOrientations_iPad = "UIInterfaceOrientationPortrait UIInterfaceOrientationPortraitUpsideDown UIInterfaceOrientationLandscapeLeft UIInterfaceOrientationLandscapeRight";
				INFOPLIST_KEY_UISupportedInterfaceOrientations_iPhone = "UIInterfaceOrientationPortrait UIInterfaceOrientationLandscapeLeft UIInterfaceOrientationLandscapeRight";
				IPHONEOS_DEPLOYMENT_TARGET = 16.0;
				LD_RUNPATH_SEARCH_PATHS = (
					"$(inherited)",
					"@executable_path/Frameworks",
				);
				MARKETING_VERSION = 1.0;
				PRODUCT_BUNDLE_IDENTIFIER = com.caaaption.app;
				PRODUCT_NAME = "$(TARGET_NAME)";
				SWIFT_EMIT_LOC_STRINGS = YES;
				SWIFT_VERSION = 5.0;
				TARGETED_DEVICE_FAMILY = "1,2";
			};
			name = Release;
		};
/* End XCBuildConfiguration section */

/* Begin XCConfigurationList section */
		B712F5D029B595FD00B433F8 /* Build configuration list for PBXProject "Production" */ = {
			isa = XCConfigurationList;
			buildConfigurations = (
				B712F5E129B595FE00B433F8 /* Debug */,
				B712F5E229B595FE00B433F8 /* Release */,
			);
			defaultConfigurationIsVisible = 0;
			defaultConfigurationName = Release;
		};
		B7430FC429F88E9400BD2D0D /* Build configuration list for PBXNativeTarget "ArtWidgetExtension" */ = {
			isa = XCConfigurationList;
			buildConfigurations = (
				B7430FC229F88E9400BD2D0D /* Debug */,
				B7430FC329F88E9400BD2D0D /* Release */,
			);
			defaultConfigurationIsVisible = 0;
			defaultConfigurationName = Release;
		};
		B743101929F8AFF700BD2D0D /* Build configuration list for PBXNativeTarget "BalanceWidgetExtension" */ = {
			isa = XCConfigurationList;
			buildConfigurations = (
				B743101A29F8AFF700BD2D0D /* Debug */,
				B743101B29F8AFF700BD2D0D /* Release */,
			);
			defaultConfigurationIsVisible = 0;
			defaultConfigurationName = Release;
		};
		B7431A2C29D8E8EE00580C1A /* Build configuration list for PBXNativeTarget "App" */ = {
			isa = XCConfigurationList;
			buildConfigurations = (
				B7431A2D29D8E8EE00580C1A /* Debug */,
				B7431A2E29D8E8EE00580C1A /* Release */,
			);
			defaultConfigurationIsVisible = 0;
			defaultConfigurationName = Release;
		};
/* End XCConfigurationList section */

/* Begin XCSwiftPackageProductDependency section */
		B7430FC529F88F1E00BD2D0D /* ArtWidgetFeature */ = {
			isa = XCSwiftPackageProductDependency;
			productName = ArtWidgetFeature;
		};
		B743101C29F8B00000BD2D0D /* BalanceWidgetFeature */ = {
			isa = XCSwiftPackageProductDependency;
			productName = BalanceWidgetFeature;
		};
		B7431A3929D8E9D000580C1A /* AppFeature */ = {
			isa = XCSwiftPackageProductDependency;
			productName = AppFeature;
		};
		B7431A3B29D8E9D000580C1A /* PhotoLibraryClientLive */ = {
			isa = XCSwiftPackageProductDependency;
			productName = PhotoLibraryClientLive;
		};
/* End XCSwiftPackageProductDependency section */
	};
	rootObject = B712F5CD29B595FD00B433F8 /* Project object */;
}
