// !$*UTF8*$!
{
	archiveVersion = 1;
	classes = {
	};
	objectVersion = 56;
	objects = {

/* Begin PBXBuildFile section */
		B731482929FF3963002C2A57 /* BalanceWidget in Frameworks */ = {isa = PBXBuildFile; productRef = B731482829FF3963002C2A57 /* BalanceWidget */; };
		B731482B29FF396A002C2A57 /* VotingStatusWidget in Frameworks */ = {isa = PBXBuildFile; productRef = B731482A29FF396A002C2A57 /* VotingStatusWidget */; };
		B74310AF29FEC5C700BD2D0D /* Assets.xcassets in Resources */ = {isa = PBXBuildFile; fileRef = B74310AA29FEC5C700BD2D0D /* Assets.xcassets */; };
		B74310B029FEC5C700BD2D0D /* Preview Assets.xcassets in Resources */ = {isa = PBXBuildFile; fileRef = B74310AC29FEC5C700BD2D0D /* Preview Assets.xcassets */; };
		B74310B129FEC5C700BD2D0D /* App.swift in Sources */ = {isa = PBXBuildFile; fileRef = B74310AD29FEC5C700BD2D0D /* App.swift */; };
		B74310D129FEC64E00BD2D0D /* AppFeature in Frameworks */ = {isa = PBXBuildFile; productRef = B74310D029FEC64E00BD2D0D /* AppFeature */; };
		B74310DB29FEC94300BD2D0D /* WidgetKit.framework in Frameworks */ = {isa = PBXBuildFile; fileRef = B74310DA29FEC94300BD2D0D /* WidgetKit.framework */; };
		B74310DD29FEC94300BD2D0D /* SwiftUI.framework in Frameworks */ = {isa = PBXBuildFile; fileRef = B74310DC29FEC94300BD2D0D /* SwiftUI.framework */; };
		B74310E829FEC94400BD2D0D /* BalanceWidgetExtension.appex in Embed Foundation Extensions */ = {isa = PBXBuildFile; fileRef = B74310D929FEC94300BD2D0D /* BalanceWidgetExtension.appex */; settings = {ATTRIBUTES = (RemoveHeadersOnCopy, ); }; };
		B74310F229FEC9CF00BD2D0D /* WidgetKit.framework in Frameworks */ = {isa = PBXBuildFile; fileRef = B74310DA29FEC94300BD2D0D /* WidgetKit.framework */; };
		B74310F329FEC9CF00BD2D0D /* SwiftUI.framework in Frameworks */ = {isa = PBXBuildFile; fileRef = B74310DC29FEC94300BD2D0D /* SwiftUI.framework */; };
		B74310FE29FEC9D000BD2D0D /* VotingStatusWidgetExtension.appex in Embed Foundation Extensions */ = {isa = PBXBuildFile; fileRef = B74310F129FEC9CF00BD2D0D /* VotingStatusWidgetExtension.appex */; settings = {ATTRIBUTES = (RemoveHeadersOnCopy, ); }; };
		B743115629FECAD000BD2D0D /* BalanceWidgetBundle.swift in Sources */ = {isa = PBXBuildFile; fileRef = B743113929FECAB100BD2D0D /* BalanceWidgetBundle.swift */; };
		B743115729FECAD300BD2D0D /* Assets.xcassets in Resources */ = {isa = PBXBuildFile; fileRef = B743113A29FECAB100BD2D0D /* Assets.xcassets */; };
		B743115829FECAD700BD2D0D /* VotingStatusWidgetBundle.swift in Sources */ = {isa = PBXBuildFile; fileRef = B743113D29FECAB100BD2D0D /* VotingStatusWidgetBundle.swift */; };
		B743115929FECADA00BD2D0D /* Assets.xcassets in Resources */ = {isa = PBXBuildFile; fileRef = B743113E29FECAB100BD2D0D /* Assets.xcassets */; };
/* End PBXBuildFile section */

/* Begin PBXContainerItemProxy section */
		B74310E629FEC94400BD2D0D /* PBXContainerItemProxy */ = {
			isa = PBXContainerItemProxy;
			containerPortal = B743106B29FEC4CD00BD2D0D /* Project object */;
			proxyType = 1;
			remoteGlobalIDString = B74310D829FEC94300BD2D0D;
			remoteInfo = BalanceWidgetExtension;
		};
		B74310FC29FEC9D000BD2D0D /* PBXContainerItemProxy */ = {
			isa = PBXContainerItemProxy;
			containerPortal = B743106B29FEC4CD00BD2D0D /* Project object */;
			proxyType = 1;
			remoteGlobalIDString = B74310F029FEC9CF00BD2D0D;
			remoteInfo = VotingStatusWidgetExtension;
		};
/* End PBXContainerItemProxy section */

/* Begin PBXCopyFilesBuildPhase section */
		B74310EC29FEC94400BD2D0D /* Embed Foundation Extensions */ = {
			isa = PBXCopyFilesBuildPhase;
			buildActionMask = 2147483647;
			dstPath = "";
			dstSubfolderSpec = 13;
			files = (
				B74310E829FEC94400BD2D0D /* BalanceWidgetExtension.appex in Embed Foundation Extensions */,
				B74310FE29FEC9D000BD2D0D /* VotingStatusWidgetExtension.appex in Embed Foundation Extensions */,
			);
			name = "Embed Foundation Extensions";
			runOnlyForDeploymentPostprocessing = 0;
		};
/* End PBXCopyFilesBuildPhase section */

/* Begin PBXFileReference section */
		B743107329FEC4CD00BD2D0D /* App.app */ = {isa = PBXFileReference; explicitFileType = wrapper.application; includeInIndex = 0; path = App.app; sourceTree = BUILT_PRODUCTS_DIR; };
		B74310AA29FEC5C700BD2D0D /* Assets.xcassets */ = {isa = PBXFileReference; lastKnownFileType = folder.assetcatalog; path = Assets.xcassets; sourceTree = "<group>"; };
		B74310AC29FEC5C700BD2D0D /* Preview Assets.xcassets */ = {isa = PBXFileReference; lastKnownFileType = folder.assetcatalog; path = "Preview Assets.xcassets"; sourceTree = "<group>"; };
		B74310AD29FEC5C700BD2D0D /* App.swift */ = {isa = PBXFileReference; fileEncoding = 4; lastKnownFileType = sourcecode.swift; path = App.swift; sourceTree = "<group>"; };
		B74310AE29FEC5C700BD2D0D /* Info.plist */ = {isa = PBXFileReference; fileEncoding = 4; lastKnownFileType = text.plist.xml; path = Info.plist; sourceTree = "<group>"; };
		B74310D929FEC94300BD2D0D /* BalanceWidgetExtension.appex */ = {isa = PBXFileReference; explicitFileType = "wrapper.app-extension"; includeInIndex = 0; path = BalanceWidgetExtension.appex; sourceTree = BUILT_PRODUCTS_DIR; };
		B74310DA29FEC94300BD2D0D /* WidgetKit.framework */ = {isa = PBXFileReference; lastKnownFileType = wrapper.framework; name = WidgetKit.framework; path = System/Library/Frameworks/WidgetKit.framework; sourceTree = SDKROOT; };
		B74310DC29FEC94300BD2D0D /* SwiftUI.framework */ = {isa = PBXFileReference; lastKnownFileType = wrapper.framework; name = SwiftUI.framework; path = System/Library/Frameworks/SwiftUI.framework; sourceTree = SDKROOT; };
		B74310F129FEC9CF00BD2D0D /* VotingStatusWidgetExtension.appex */ = {isa = PBXFileReference; explicitFileType = "wrapper.app-extension"; includeInIndex = 0; path = VotingStatusWidgetExtension.appex; sourceTree = BUILT_PRODUCTS_DIR; };
		B743113929FECAB100BD2D0D /* BalanceWidgetBundle.swift */ = {isa = PBXFileReference; lastKnownFileType = sourcecode.swift; path = BalanceWidgetBundle.swift; sourceTree = "<group>"; };
		B743113A29FECAB100BD2D0D /* Assets.xcassets */ = {isa = PBXFileReference; lastKnownFileType = folder.assetcatalog; path = Assets.xcassets; sourceTree = "<group>"; };
		B743113B29FECAB100BD2D0D /* Info.plist */ = {isa = PBXFileReference; lastKnownFileType = text.plist.xml; path = Info.plist; sourceTree = "<group>"; };
		B743113D29FECAB100BD2D0D /* VotingStatusWidgetBundle.swift */ = {isa = PBXFileReference; lastKnownFileType = sourcecode.swift; path = VotingStatusWidgetBundle.swift; sourceTree = "<group>"; };
		B743113E29FECAB100BD2D0D /* Assets.xcassets */ = {isa = PBXFileReference; lastKnownFileType = folder.assetcatalog; path = Assets.xcassets; sourceTree = "<group>"; };
		B743113F29FECAB100BD2D0D /* Info.plist */ = {isa = PBXFileReference; lastKnownFileType = text.plist.xml; path = Info.plist; sourceTree = "<group>"; };
		B743114129FECAB100BD2D0D /* ArtWidgetBundle.swift */ = {isa = PBXFileReference; lastKnownFileType = sourcecode.swift; path = ArtWidgetBundle.swift; sourceTree = "<group>"; };
		B743114229FECAB100BD2D0D /* Assets.xcassets */ = {isa = PBXFileReference; lastKnownFileType = folder.assetcatalog; path = Assets.xcassets; sourceTree = "<group>"; };
		B743114329FECAB100BD2D0D /* Info.plist */ = {isa = PBXFileReference; lastKnownFileType = text.plist.xml; path = Info.plist; sourceTree = "<group>"; };
/* End PBXFileReference section */

/* Begin PBXFrameworksBuildPhase section */
		B743107029FEC4CD00BD2D0D /* Frameworks */ = {
			isa = PBXFrameworksBuildPhase;
			buildActionMask = 2147483647;
			files = (
				B74310D129FEC64E00BD2D0D /* AppFeature in Frameworks */,
			);
			runOnlyForDeploymentPostprocessing = 0;
		};
		B74310D629FEC94300BD2D0D /* Frameworks */ = {
			isa = PBXFrameworksBuildPhase;
			buildActionMask = 2147483647;
			files = (
				B74310DD29FEC94300BD2D0D /* SwiftUI.framework in Frameworks */,
				B731482929FF3963002C2A57 /* BalanceWidget in Frameworks */,
				B74310DB29FEC94300BD2D0D /* WidgetKit.framework in Frameworks */,
			);
			runOnlyForDeploymentPostprocessing = 0;
		};
		B74310EE29FEC9CF00BD2D0D /* Frameworks */ = {
			isa = PBXFrameworksBuildPhase;
			buildActionMask = 2147483647;
			files = (
				B74310F329FEC9CF00BD2D0D /* SwiftUI.framework in Frameworks */,
				B731482B29FF396A002C2A57 /* VotingStatusWidget in Frameworks */,
				B74310F229FEC9CF00BD2D0D /* WidgetKit.framework in Frameworks */,
			);
			runOnlyForDeploymentPostprocessing = 0;
		};
/* End PBXFrameworksBuildPhase section */

/* Begin PBXGroup section */
		B743106A29FEC4CD00BD2D0D = {
			isa = PBXGroup;
			children = (
				B74310A929FEC5C700BD2D0D /* WidgetApp */,
				B743113729FECAB100BD2D0D /* Widgets */,
				B743107429FEC4CD00BD2D0D /* Products */,
				B74310CF29FEC64E00BD2D0D /* Frameworks */,
			);
			sourceTree = "<group>";
		};
		B743107429FEC4CD00BD2D0D /* Products */ = {
			isa = PBXGroup;
			children = (
				B743107329FEC4CD00BD2D0D /* App.app */,
				B74310D929FEC94300BD2D0D /* BalanceWidgetExtension.appex */,
				B74310F129FEC9CF00BD2D0D /* VotingStatusWidgetExtension.appex */,
			);
			name = Products;
			sourceTree = "<group>";
		};
		B74310A929FEC5C700BD2D0D /* WidgetApp */ = {
			isa = PBXGroup;
			children = (
				B74310AA29FEC5C700BD2D0D /* Assets.xcassets */,
				B74310AE29FEC5C700BD2D0D /* Info.plist */,
				B74310AD29FEC5C700BD2D0D /* App.swift */,
				B74310AB29FEC5C700BD2D0D /* Preview Content */,
			);
			path = WidgetApp;
			sourceTree = "<group>";
		};
		B74310AB29FEC5C700BD2D0D /* Preview Content */ = {
			isa = PBXGroup;
			children = (
				B74310AC29FEC5C700BD2D0D /* Preview Assets.xcassets */,
			);
			path = "Preview Content";
			sourceTree = "<group>";
		};
		B74310CF29FEC64E00BD2D0D /* Frameworks */ = {
			isa = PBXGroup;
			children = (
				B74310DA29FEC94300BD2D0D /* WidgetKit.framework */,
				B74310DC29FEC94300BD2D0D /* SwiftUI.framework */,
			);
			name = Frameworks;
			sourceTree = "<group>";
		};
		B743113729FECAB100BD2D0D /* Widgets */ = {
			isa = PBXGroup;
			children = (
				B743113829FECAB100BD2D0D /* BalanceWidget */,
				B743113C29FECAB100BD2D0D /* VotingStatusWidget */,
				B743114029FECAB100BD2D0D /* ArtWidget */,
			);
			path = Widgets;
			sourceTree = "<group>";
		};
		B743113829FECAB100BD2D0D /* BalanceWidget */ = {
			isa = PBXGroup;
			children = (
				B743113929FECAB100BD2D0D /* BalanceWidgetBundle.swift */,
				B743113A29FECAB100BD2D0D /* Assets.xcassets */,
				B743113B29FECAB100BD2D0D /* Info.plist */,
			);
			path = BalanceWidget;
			sourceTree = "<group>";
		};
		B743113C29FECAB100BD2D0D /* VotingStatusWidget */ = {
			isa = PBXGroup;
			children = (
				B743113D29FECAB100BD2D0D /* VotingStatusWidgetBundle.swift */,
				B743113E29FECAB100BD2D0D /* Assets.xcassets */,
				B743113F29FECAB100BD2D0D /* Info.plist */,
			);
			path = VotingStatusWidget;
			sourceTree = "<group>";
		};
		B743114029FECAB100BD2D0D /* ArtWidget */ = {
			isa = PBXGroup;
			children = (
				B743114129FECAB100BD2D0D /* ArtWidgetBundle.swift */,
				B743114229FECAB100BD2D0D /* Assets.xcassets */,
				B743114329FECAB100BD2D0D /* Info.plist */,
			);
			path = ArtWidget;
			sourceTree = "<group>";
		};
/* End PBXGroup section */

/* Begin PBXNativeTarget section */
		B743107229FEC4CD00BD2D0D /* App */ = {
			isa = PBXNativeTarget;
			buildConfigurationList = B743108129FEC4CE00BD2D0D /* Build configuration list for PBXNativeTarget "App" */;
			buildPhases = (
				B743106F29FEC4CD00BD2D0D /* Sources */,
				B743107029FEC4CD00BD2D0D /* Frameworks */,
				B743107129FEC4CD00BD2D0D /* Resources */,
				B74310EC29FEC94400BD2D0D /* Embed Foundation Extensions */,
			);
			buildRules = (
			);
			dependencies = (
				B74310E729FEC94400BD2D0D /* PBXTargetDependency */,
				B74310FD29FEC9D000BD2D0D /* PBXTargetDependency */,
			);
			name = App;
			packageProductDependencies = (
				B74310D029FEC64E00BD2D0D /* AppFeature */,
			);
			productName = "Widget Staging";
			productReference = B743107329FEC4CD00BD2D0D /* App.app */;
			productType = "com.apple.product-type.application";
		};
		B74310D829FEC94300BD2D0D /* BalanceWidgetExtension */ = {
			isa = PBXNativeTarget;
			buildConfigurationList = B74310E929FEC94400BD2D0D /* Build configuration list for PBXNativeTarget "BalanceWidgetExtension" */;
			buildPhases = (
				B74310D529FEC94300BD2D0D /* Sources */,
				B74310D629FEC94300BD2D0D /* Frameworks */,
				B74310D729FEC94300BD2D0D /* Resources */,
			);
			buildRules = (
			);
			dependencies = (
			);
			name = BalanceWidgetExtension;
			packageProductDependencies = (
				B731482829FF3963002C2A57 /* BalanceWidget */,
			);
			productName = BalanceWidgetExtension;
			productReference = B74310D929FEC94300BD2D0D /* BalanceWidgetExtension.appex */;
			productType = "com.apple.product-type.app-extension";
		};
		B74310F029FEC9CF00BD2D0D /* VotingStatusWidgetExtension */ = {
			isa = PBXNativeTarget;
			buildConfigurationList = B74310FF29FEC9D000BD2D0D /* Build configuration list for PBXNativeTarget "VotingStatusWidgetExtension" */;
			buildPhases = (
				B74310ED29FEC9CF00BD2D0D /* Sources */,
				B74310EE29FEC9CF00BD2D0D /* Frameworks */,
				B74310EF29FEC9CF00BD2D0D /* Resources */,
			);
			buildRules = (
			);
			dependencies = (
			);
			name = VotingStatusWidgetExtension;
			packageProductDependencies = (
				B731482A29FF396A002C2A57 /* VotingStatusWidget */,
			);
			productName = VotingStatusWidgetExtension;
			productReference = B74310F129FEC9CF00BD2D0D /* VotingStatusWidgetExtension.appex */;
			productType = "com.apple.product-type.app-extension";
		};
/* End PBXNativeTarget section */

/* Begin PBXProject section */
		B743106B29FEC4CD00BD2D0D /* Project object */ = {
			isa = PBXProject;
			attributes = {
				BuildIndependentTargetsInParallel = 1;
				LastSwiftUpdateCheck = 1430;
				LastUpgradeCheck = 1430;
				TargetAttributes = {
					B743107229FEC4CD00BD2D0D = {
						CreatedOnToolsVersion = 14.3;
					};
					B74310D829FEC94300BD2D0D = {
						CreatedOnToolsVersion = 14.3;
					};
					B74310F029FEC9CF00BD2D0D = {
						CreatedOnToolsVersion = 14.3;
					};
				};
			};
			buildConfigurationList = B743106E29FEC4CD00BD2D0D /* Build configuration list for PBXProject "Widget Staging" */;
			compatibilityVersion = "Xcode 14.0";
			developmentRegion = en;
			hasScannedForEncodings = 0;
			knownRegions = (
				en,
				Base,
			);
			mainGroup = B743106A29FEC4CD00BD2D0D;
			productRefGroup = B743107429FEC4CD00BD2D0D /* Products */;
			projectDirPath = "";
			projectRoot = "";
			targets = (
				B743107229FEC4CD00BD2D0D /* App */,
				B74310D829FEC94300BD2D0D /* BalanceWidgetExtension */,
				B74310F029FEC9CF00BD2D0D /* VotingStatusWidgetExtension */,
			);
		};
/* End PBXProject section */

/* Begin PBXResourcesBuildPhase section */
		B743107129FEC4CD00BD2D0D /* Resources */ = {
			isa = PBXResourcesBuildPhase;
			buildActionMask = 2147483647;
			files = (
				B74310B029FEC5C700BD2D0D /* Preview Assets.xcassets in Resources */,
				B74310AF29FEC5C700BD2D0D /* Assets.xcassets in Resources */,
			);
			runOnlyForDeploymentPostprocessing = 0;
		};
		B74310D729FEC94300BD2D0D /* Resources */ = {
			isa = PBXResourcesBuildPhase;
			buildActionMask = 2147483647;
			files = (
				B743115729FECAD300BD2D0D /* Assets.xcassets in Resources */,
			);
			runOnlyForDeploymentPostprocessing = 0;
		};
		B74310EF29FEC9CF00BD2D0D /* Resources */ = {
			isa = PBXResourcesBuildPhase;
			buildActionMask = 2147483647;
			files = (
				B743115929FECADA00BD2D0D /* Assets.xcassets in Resources */,
			);
			runOnlyForDeploymentPostprocessing = 0;
		};
/* End PBXResourcesBuildPhase section */

/* Begin PBXSourcesBuildPhase section */
		B743106F29FEC4CD00BD2D0D /* Sources */ = {
			isa = PBXSourcesBuildPhase;
			buildActionMask = 2147483647;
			files = (
				B74310B129FEC5C700BD2D0D /* App.swift in Sources */,
			);
			runOnlyForDeploymentPostprocessing = 0;
		};
		B74310D529FEC94300BD2D0D /* Sources */ = {
			isa = PBXSourcesBuildPhase;
			buildActionMask = 2147483647;
			files = (
				B743115629FECAD000BD2D0D /* BalanceWidgetBundle.swift in Sources */,
			);
			runOnlyForDeploymentPostprocessing = 0;
		};
		B74310ED29FEC9CF00BD2D0D /* Sources */ = {
			isa = PBXSourcesBuildPhase;
			buildActionMask = 2147483647;
			files = (
				B743115829FECAD700BD2D0D /* VotingStatusWidgetBundle.swift in Sources */,
			);
			runOnlyForDeploymentPostprocessing = 0;
		};
/* End PBXSourcesBuildPhase section */

/* Begin PBXTargetDependency section */
		B74310E729FEC94400BD2D0D /* PBXTargetDependency */ = {
			isa = PBXTargetDependency;
			target = B74310D829FEC94300BD2D0D /* BalanceWidgetExtension */;
			targetProxy = B74310E629FEC94400BD2D0D /* PBXContainerItemProxy */;
		};
		B74310FD29FEC9D000BD2D0D /* PBXTargetDependency */ = {
			isa = PBXTargetDependency;
			target = B74310F029FEC9CF00BD2D0D /* VotingStatusWidgetExtension */;
			targetProxy = B74310FC29FEC9D000BD2D0D /* PBXContainerItemProxy */;
		};
/* End PBXTargetDependency section */

/* Begin XCBuildConfiguration section */
		B743107F29FEC4CE00BD2D0D /* Debug */ = {
			isa = XCBuildConfiguration;
			buildSettings = {
				ALWAYS_SEARCH_USER_PATHS = NO;
				CLANG_ANALYZER_NONNULL = YES;
				CLANG_ANALYZER_NUMBER_OBJECT_CONVERSION = YES_AGGRESSIVE;
				CLANG_CXX_LANGUAGE_STANDARD = "gnu++20";
				CLANG_ENABLE_MODULES = YES;
				CLANG_ENABLE_OBJC_ARC = YES;
				CLANG_ENABLE_OBJC_WEAK = YES;
				CLANG_WARN_BLOCK_CAPTURE_AUTORELEASING = YES;
				CLANG_WARN_BOOL_CONVERSION = YES;
				CLANG_WARN_COMMA = YES;
				CLANG_WARN_CONSTANT_CONVERSION = YES;
				CLANG_WARN_DEPRECATED_OBJC_IMPLEMENTATIONS = YES;
				CLANG_WARN_DIRECT_OBJC_ISA_USAGE = YES_ERROR;
				CLANG_WARN_DOCUMENTATION_COMMENTS = YES;
				CLANG_WARN_EMPTY_BODY = YES;
				CLANG_WARN_ENUM_CONVERSION = YES;
				CLANG_WARN_INFINITE_RECURSION = YES;
				CLANG_WARN_INT_CONVERSION = YES;
				CLANG_WARN_NON_LITERAL_NULL_CONVERSION = YES;
				CLANG_WARN_OBJC_IMPLICIT_RETAIN_SELF = YES;
				CLANG_WARN_OBJC_LITERAL_CONVERSION = YES;
				CLANG_WARN_OBJC_ROOT_CLASS = YES_ERROR;
				CLANG_WARN_QUOTED_INCLUDE_IN_FRAMEWORK_HEADER = YES;
				CLANG_WARN_RANGE_LOOP_ANALYSIS = YES;
				CLANG_WARN_STRICT_PROTOTYPES = YES;
				CLANG_WARN_SUSPICIOUS_MOVE = YES;
				CLANG_WARN_UNGUARDED_AVAILABILITY = YES_AGGRESSIVE;
				CLANG_WARN_UNREACHABLE_CODE = YES;
				CLANG_WARN__DUPLICATE_METHOD_MATCH = YES;
				COPY_PHASE_STRIP = NO;
				DEBUG_INFORMATION_FORMAT = dwarf;
				ENABLE_STRICT_OBJC_MSGSEND = YES;
				ENABLE_TESTABILITY = YES;
				GCC_C_LANGUAGE_STANDARD = gnu11;
				GCC_DYNAMIC_NO_PIC = NO;
				GCC_NO_COMMON_BLOCKS = YES;
				GCC_OPTIMIZATION_LEVEL = 0;
				GCC_PREPROCESSOR_DEFINITIONS = (
					"DEBUG=1",
					"$(inherited)",
				);
				GCC_WARN_64_TO_32_BIT_CONVERSION = YES;
				GCC_WARN_ABOUT_RETURN_TYPE = YES_ERROR;
				GCC_WARN_UNDECLARED_SELECTOR = YES;
				GCC_WARN_UNINITIALIZED_AUTOS = YES_AGGRESSIVE;
				GCC_WARN_UNUSED_FUNCTION = YES;
				GCC_WARN_UNUSED_VARIABLE = YES;
				IPHONEOS_DEPLOYMENT_TARGET = 16.4;
				MTL_ENABLE_DEBUG_INFO = INCLUDE_SOURCE;
				MTL_FAST_MATH = YES;
				ONLY_ACTIVE_ARCH = YES;
				SDKROOT = iphoneos;
				SWIFT_ACTIVE_COMPILATION_CONDITIONS = DEBUG;
				SWIFT_OPTIMIZATION_LEVEL = "-Onone";
			};
			name = Debug;
		};
		B743108029FEC4CE00BD2D0D /* Release */ = {
			isa = XCBuildConfiguration;
			buildSettings = {
				ALWAYS_SEARCH_USER_PATHS = NO;
				CLANG_ANALYZER_NONNULL = YES;
				CLANG_ANALYZER_NUMBER_OBJECT_CONVERSION = YES_AGGRESSIVE;
				CLANG_CXX_LANGUAGE_STANDARD = "gnu++20";
				CLANG_ENABLE_MODULES = YES;
				CLANG_ENABLE_OBJC_ARC = YES;
				CLANG_ENABLE_OBJC_WEAK = YES;
				CLANG_WARN_BLOCK_CAPTURE_AUTORELEASING = YES;
				CLANG_WARN_BOOL_CONVERSION = YES;
				CLANG_WARN_COMMA = YES;
				CLANG_WARN_CONSTANT_CONVERSION = YES;
				CLANG_WARN_DEPRECATED_OBJC_IMPLEMENTATIONS = YES;
				CLANG_WARN_DIRECT_OBJC_ISA_USAGE = YES_ERROR;
				CLANG_WARN_DOCUMENTATION_COMMENTS = YES;
				CLANG_WARN_EMPTY_BODY = YES;
				CLANG_WARN_ENUM_CONVERSION = YES;
				CLANG_WARN_INFINITE_RECURSION = YES;
				CLANG_WARN_INT_CONVERSION = YES;
				CLANG_WARN_NON_LITERAL_NULL_CONVERSION = YES;
				CLANG_WARN_OBJC_IMPLICIT_RETAIN_SELF = YES;
				CLANG_WARN_OBJC_LITERAL_CONVERSION = YES;
				CLANG_WARN_OBJC_ROOT_CLASS = YES_ERROR;
				CLANG_WARN_QUOTED_INCLUDE_IN_FRAMEWORK_HEADER = YES;
				CLANG_WARN_RANGE_LOOP_ANALYSIS = YES;
				CLANG_WARN_STRICT_PROTOTYPES = YES;
				CLANG_WARN_SUSPICIOUS_MOVE = YES;
				CLANG_WARN_UNGUARDED_AVAILABILITY = YES_AGGRESSIVE;
				CLANG_WARN_UNREACHABLE_CODE = YES;
				CLANG_WARN__DUPLICATE_METHOD_MATCH = YES;
				COPY_PHASE_STRIP = NO;
				DEBUG_INFORMATION_FORMAT = "dwarf-with-dsym";
				ENABLE_NS_ASSERTIONS = NO;
				ENABLE_STRICT_OBJC_MSGSEND = YES;
				GCC_C_LANGUAGE_STANDARD = gnu11;
				GCC_NO_COMMON_BLOCKS = YES;
				GCC_WARN_64_TO_32_BIT_CONVERSION = YES;
				GCC_WARN_ABOUT_RETURN_TYPE = YES_ERROR;
				GCC_WARN_UNDECLARED_SELECTOR = YES;
				GCC_WARN_UNINITIALIZED_AUTOS = YES_AGGRESSIVE;
				GCC_WARN_UNUSED_FUNCTION = YES;
				GCC_WARN_UNUSED_VARIABLE = YES;
				IPHONEOS_DEPLOYMENT_TARGET = 16.4;
				MTL_ENABLE_DEBUG_INFO = NO;
				MTL_FAST_MATH = YES;
				SDKROOT = iphoneos;
				SWIFT_COMPILATION_MODE = wholemodule;
				SWIFT_OPTIMIZATION_LEVEL = "-O";
				VALIDATE_PRODUCT = YES;
			};
			name = Release;
		};
		B743108229FEC4CE00BD2D0D /* Debug */ = {
			isa = XCBuildConfiguration;
			buildSettings = {
				ALWAYS_EMBED_SWIFT_STANDARD_LIBRARIES = YES;
				ASSETCATALOG_COMPILER_APPICON_NAME = AppIcon;
				ASSETCATALOG_COMPILER_GLOBAL_ACCENT_COLOR_NAME = AccentColor;
				CODE_SIGN_STYLE = Automatic;
				CURRENT_PROJECT_VERSION = 1;
				DEVELOPMENT_ASSET_PATHS = "\"WidgetApp/Preview Content\"";
				DEVELOPMENT_TEAM = AV9FQ3YF56;
				ENABLE_PREVIEWS = YES;
				GENERATE_INFOPLIST_FILE = NO;
				INFOPLIST_FILE = WidgetApp/Info.plist;
				INFOPLIST_KEY_LSApplicationCategoryType = "public.app-category.social-networking";
				INFOPLIST_KEY_UIApplicationSceneManifest_Generation = YES;
				INFOPLIST_KEY_UIApplicationSupportsIndirectInputEvents = YES;
				INFOPLIST_KEY_UILaunchScreen_Generation = YES;
				INFOPLIST_KEY_UISupportedInterfaceOrientations_iPad = "UIInterfaceOrientationPortrait UIInterfaceOrientationPortraitUpsideDown UIInterfaceOrientationLandscapeLeft UIInterfaceOrientationLandscapeRight";
				INFOPLIST_KEY_UISupportedInterfaceOrientations_iPhone = "UIInterfaceOrientationPortrait UIInterfaceOrientationLandscapeLeft UIInterfaceOrientationLandscapeRight";
				IPHONEOS_DEPLOYMENT_TARGET = 16.0;
				LD_RUNPATH_SEARCH_PATHS = (
					"$(inherited)",
					"@executable_path/Frameworks",
				);
				MARKETING_VERSION = 1.0;
				PRODUCT_BUNDLE_IDENTIFIER = com.caaaption.widget.staging;
				PRODUCT_NAME = "$(TARGET_NAME)";
				SWIFT_EMIT_LOC_STRINGS = YES;
				SWIFT_VERSION = 5.0;
				TARGETED_DEVICE_FAMILY = "1,2";
			};
			name = Debug;
		};
		B743108329FEC4CE00BD2D0D /* Release */ = {
			isa = XCBuildConfiguration;
			buildSettings = {
				ALWAYS_EMBED_SWIFT_STANDARD_LIBRARIES = YES;
				ASSETCATALOG_COMPILER_APPICON_NAME = AppIcon;
				ASSETCATALOG_COMPILER_GLOBAL_ACCENT_COLOR_NAME = AccentColor;
				CODE_SIGN_STYLE = Automatic;
				CURRENT_PROJECT_VERSION = 1;
				DEVELOPMENT_ASSET_PATHS = "\"WidgetApp/Preview Content\"";
				DEVELOPMENT_TEAM = AV9FQ3YF56;
				ENABLE_PREVIEWS = YES;
				GENERATE_INFOPLIST_FILE = NO;
				INFOPLIST_FILE = WidgetApp/Info.plist;
				INFOPLIST_KEY_LSApplicationCategoryType = "public.app-category.social-networking";
				INFOPLIST_KEY_UIApplicationSceneManifest_Generation = YES;
				INFOPLIST_KEY_UIApplicationSupportsIndirectInputEvents = YES;
				INFOPLIST_KEY_UILaunchScreen_Generation = YES;
				INFOPLIST_KEY_UISupportedInterfaceOrientations_iPad = "UIInterfaceOrientationPortrait UIInterfaceOrientationPortraitUpsideDown UIInterfaceOrientationLandscapeLeft UIInterfaceOrientationLandscapeRight";
				INFOPLIST_KEY_UISupportedInterfaceOrientations_iPhone = "UIInterfaceOrientationPortrait UIInterfaceOrientationLandscapeLeft UIInterfaceOrientationLandscapeRight";
				IPHONEOS_DEPLOYMENT_TARGET = 16.0;
				LD_RUNPATH_SEARCH_PATHS = (
					"$(inherited)",
					"@executable_path/Frameworks",
				);
				MARKETING_VERSION = 1.0;
				PRODUCT_BUNDLE_IDENTIFIER = com.caaaption.widget.staging;
				PRODUCT_NAME = "$(TARGET_NAME)";
				SWIFT_EMIT_LOC_STRINGS = YES;
				SWIFT_VERSION = 5.0;
				TARGETED_DEVICE_FAMILY = "1,2";
			};
			name = Release;
		};
		B74310EA29FEC94400BD2D0D /* Debug */ = {
			isa = XCBuildConfiguration;
			buildSettings = {
				ASSETCATALOG_COMPILER_GLOBAL_ACCENT_COLOR_NAME = AccentColor;
				ASSETCATALOG_COMPILER_WIDGET_BACKGROUND_COLOR_NAME = WidgetBackground;
				CODE_SIGN_STYLE = Automatic;
				CURRENT_PROJECT_VERSION = 1;
				DEVELOPMENT_TEAM = AV9FQ3YF56;
				GENERATE_INFOPLIST_FILE = YES;
				INFOPLIST_FILE = Widgets/BalanceWidget/Info.plist;
				INFOPLIST_KEY_CFBundleDisplayName = BalanceWidget;
				INFOPLIST_KEY_NSHumanReadableCopyright = "";
				IPHONEOS_DEPLOYMENT_TARGET = 16.0;
				LD_RUNPATH_SEARCH_PATHS = (
					"$(inherited)",
					"@executable_path/Frameworks",
					"@executable_path/../../Frameworks",
				);
				MARKETING_VERSION = 1.0;
				PRODUCT_BUNDLE_IDENTIFIER = "com.caaaption.widget.staging.balance-widget";
				PRODUCT_NAME = "$(TARGET_NAME)";
				SKIP_INSTALL = YES;
				SWIFT_EMIT_LOC_STRINGS = YES;
				SWIFT_VERSION = 5.0;
				TARGETED_DEVICE_FAMILY = "1,2";
			};
			name = Debug;
		};
		B74310EB29FEC94400BD2D0D /* Release */ = {
			isa = XCBuildConfiguration;
			buildSettings = {
				ASSETCATALOG_COMPILER_GLOBAL_ACCENT_COLOR_NAME = AccentColor;
				ASSETCATALOG_COMPILER_WIDGET_BACKGROUND_COLOR_NAME = WidgetBackground;
				CODE_SIGN_STYLE = Automatic;
				CURRENT_PROJECT_VERSION = 1;
				DEVELOPMENT_TEAM = AV9FQ3YF56;
				GENERATE_INFOPLIST_FILE = YES;
				INFOPLIST_FILE = Widgets/BalanceWidget/Info.plist;
				INFOPLIST_KEY_CFBundleDisplayName = BalanceWidget;
				INFOPLIST_KEY_NSHumanReadableCopyright = "";
				IPHONEOS_DEPLOYMENT_TARGET = 16.0;
				LD_RUNPATH_SEARCH_PATHS = (
					"$(inherited)",
					"@executable_path/Frameworks",
					"@executable_path/../../Frameworks",
				);
				MARKETING_VERSION = 1.0;
				PRODUCT_BUNDLE_IDENTIFIER = "com.caaaption.widget.staging.balance-widget";
				PRODUCT_NAME = "$(TARGET_NAME)";
				SKIP_INSTALL = YES;
				SWIFT_EMIT_LOC_STRINGS = YES;
				SWIFT_VERSION = 5.0;
				TARGETED_DEVICE_FAMILY = "1,2";
			};
			name = Release;
		};
		B743110029FEC9D000BD2D0D /* Debug */ = {
			isa = XCBuildConfiguration;
			buildSettings = {
				ASSETCATALOG_COMPILER_GLOBAL_ACCENT_COLOR_NAME = AccentColor;
				ASSETCATALOG_COMPILER_WIDGET_BACKGROUND_COLOR_NAME = WidgetBackground;
				CODE_SIGN_STYLE = Automatic;
				CURRENT_PROJECT_VERSION = 1;
				DEVELOPMENT_TEAM = AV9FQ3YF56;
				GENERATE_INFOPLIST_FILE = YES;
				INFOPLIST_FILE = Widgets/VotingStatusWidget/Info.plist;
				INFOPLIST_KEY_CFBundleDisplayName = VotingStatusWidget;
				INFOPLIST_KEY_NSHumanReadableCopyright = "";
				IPHONEOS_DEPLOYMENT_TARGET = 16.0;
				LD_RUNPATH_SEARCH_PATHS = (
					"$(inherited)",
					"@executable_path/Frameworks",
					"@executable_path/../../Frameworks",
				);
				MARKETING_VERSION = 1.0;
				PRODUCT_BUNDLE_IDENTIFIER = "com.caaaption.widget.staging.voting-status-widget";
				PRODUCT_NAME = "$(TARGET_NAME)";
				SKIP_INSTALL = YES;
				SWIFT_EMIT_LOC_STRINGS = YES;
				SWIFT_VERSION = 5.0;
				TARGETED_DEVICE_FAMILY = "1,2";
			};
			name = Debug;
		};
		B743110129FEC9D000BD2D0D /* Release */ = {
			isa = XCBuildConfiguration;
			buildSettings = {
				ASSETCATALOG_COMPILER_GLOBAL_ACCENT_COLOR_NAME = AccentColor;
				ASSETCATALOG_COMPILER_WIDGET_BACKGROUND_COLOR_NAME = WidgetBackground;
				CODE_SIGN_STYLE = Automatic;
				CURRENT_PROJECT_VERSION = 1;
				DEVELOPMENT_TEAM = AV9FQ3YF56;
				GENERATE_INFOPLIST_FILE = YES;
				INFOPLIST_FILE = Widgets/VotingStatusWidget/Info.plist;
				INFOPLIST_KEY_CFBundleDisplayName = VotingStatusWidget;
				INFOPLIST_KEY_NSHumanReadableCopyright = "";
				IPHONEOS_DEPLOYMENT_TARGET = 16.0;
				LD_RUNPATH_SEARCH_PATHS = (
					"$(inherited)",
					"@executable_path/Frameworks",
					"@executable_path/../../Frameworks",
				);
				MARKETING_VERSION = 1.0;
				PRODUCT_BUNDLE_IDENTIFIER = "com.caaaption.widget.staging.voting-status-widget";
				PRODUCT_NAME = "$(TARGET_NAME)";
				SKIP_INSTALL = YES;
				SWIFT_EMIT_LOC_STRINGS = YES;
				SWIFT_VERSION = 5.0;
				TARGETED_DEVICE_FAMILY = "1,2";
			};
			name = Release;
		};
/* End XCBuildConfiguration section */

/* Begin XCConfigurationList section */
		B743106E29FEC4CD00BD2D0D /* Build configuration list for PBXProject "Widget Staging" */ = {
			isa = XCConfigurationList;
			buildConfigurations = (
				B743107F29FEC4CE00BD2D0D /* Debug */,
				B743108029FEC4CE00BD2D0D /* Release */,
			);
			defaultConfigurationIsVisible = 0;
			defaultConfigurationName = Release;
		};
		B743108129FEC4CE00BD2D0D /* Build configuration list for PBXNativeTarget "App" */ = {
			isa = XCConfigurationList;
			buildConfigurations = (
				B743108229FEC4CE00BD2D0D /* Debug */,
				B743108329FEC4CE00BD2D0D /* Release */,
			);
			defaultConfigurationIsVisible = 0;
			defaultConfigurationName = Release;
		};
		B74310E929FEC94400BD2D0D /* Build configuration list for PBXNativeTarget "BalanceWidgetExtension" */ = {
			isa = XCConfigurationList;
			buildConfigurations = (
				B74310EA29FEC94400BD2D0D /* Debug */,
				B74310EB29FEC94400BD2D0D /* Release */,
			);
			defaultConfigurationIsVisible = 0;
			defaultConfigurationName = Release;
		};
		B74310FF29FEC9D000BD2D0D /* Build configuration list for PBXNativeTarget "VotingStatusWidgetExtension" */ = {
			isa = XCConfigurationList;
			buildConfigurations = (
				B743110029FEC9D000BD2D0D /* Debug */,
				B743110129FEC9D000BD2D0D /* Release */,
			);
			defaultConfigurationIsVisible = 0;
			defaultConfigurationName = Release;
		};
/* End XCConfigurationList section */

/* Begin XCSwiftPackageProductDependency section */
		B731482829FF3963002C2A57 /* BalanceWidget */ = {
			isa = XCSwiftPackageProductDependency;
			productName = BalanceWidget;
		};
		B731482A29FF396A002C2A57 /* VotingStatusWidget */ = {
			isa = XCSwiftPackageProductDependency;
			productName = VotingStatusWidget;
		};
		B74310D029FEC64E00BD2D0D /* AppFeature */ = {
			isa = XCSwiftPackageProductDependency;
			productName = AppFeature;
		};
/* End XCSwiftPackageProductDependency section */
	};
	rootObject = B743106B29FEC4CD00BD2D0D /* Project object */;
}
